PODS:
  - AnyCodable-FlightSchool (0.6.2)
  - Kingfisher (7.1.1)
  - LoggerKit (0.3.0)
  - OpenAPIClient (0.1.0):
    - AnyCodable-FlightSchool (~> 0.6.1)
    - RxSwift (~> 5.1.3)
  - R.swift (5.4.0):
    - R.swift.Library (~> 5.3.0)
  - R.swift.Library (5.3.0)
  - ReactorKit (2.1.1):
    - RxSwift (~> 5.0)
    - WeakMapTable (~> 1.1)
  - ReusableKit/Core (3.0.0)
  - ReusableKit/RxSwift (3.0.0):
    - ReusableKit/Core
    - RxCocoa (~> 5.0)
    - RxSwift (~> 5.0)
  - RxCocoa (5.1.3):
    - RxRelay (~> 5)
    - RxSwift (~> 5)
  - RxGesture (3.0.2):
    - RxCocoa (~> 5.1)
    - RxSwift (~> 5.1)
  - RxRelay (5.1.3):
    - RxSwift (~> 5)
  - RxSwift (5.1.3)
  - SegementSlide (3.0.1)
  - SnapKit (5.0.1)
  - SwiftLint (0.45.0)
  - SwiftyUserDefaults (5.3.0)
  - Then (2.7.0)
  - WeakMapTable (1.2.0)

DEPENDENCIES:
  - Kingfisher (~> 7.0)
  - LoggerKit
  - OpenAPIClient (from `./OpenAPIClient`)
  - R.swift
  - ReactorKit
  - ReusableKit/RxSwift
  - RxGesture
  - SegementSlide (= 3.0.1)
  - SnapKit (~> 5.0.0)
  - SwiftLint
  - SwiftyUserDefaults (~> 5.0)
  - Then

SPEC REPOS:
  trunk:
    - AnyCodable-FlightSchool
    - Kingfisher
    - LoggerKit
    - R.swift
    - R.swift.Library
    - ReactorKit
    - ReusableKit
    - RxCocoa
    - RxGesture
    - RxRelay
    - RxSwift
    - SegementSlide
    - SnapKit
    - SwiftLint
    - SwiftyUserDefaults
    - Then
    - WeakMapTable

EXTERNAL SOURCES:
  OpenAPIClient:
    :path: "./OpenAPIClient"

SPEC CHECKSUMS:
  AnyCodable-FlightSchool: ac75ed9bae659e16a41ebfa6c71a663d6f2c111c
  Kingfisher: f738f9c4a3415823b8e2985d10aa2d6a9f37bc4d
  LoggerKit: d209547382484920b676c5f963031c1032f0c83d
  OpenAPIClient: c092e613ab85d1163299040c54ae5dc95cc19add
  R.swift: c533450b0f7dc494e0993f5f1a1db925d84c3006
  R.swift.Library: 0fc583cb55a99e28901299cc451614cad1161962
  ReactorKit: 6d894a20c3d508344320901cd8e386fde92df4b6
  ReusableKit: e5f853ad4652e411f96b6119b2488afa12929be6
  RxCocoa: e2ed092d5432e4296aa818021d27de4090ac0354
  RxGesture: d6bd7447ca3a596c7a9702a6a2b6a2bb5d8bae54
  RxRelay: 5a18c2eb2d68326ebaf0112f80d837ae41b92b97
  RxSwift: 915abbdfb62214aa89ccd0b194d44fb478019b27
  SegementSlide: 83b56ffb66b9c0edc4e4f2a74229309c62915db3
  SnapKit: 97b92857e3df3a0c71833cce143274bf6ef8e5eb
  SwiftLint: e5c7f1fba68eccfc51509d5b2ce1699f5502e0c7
  SwiftyUserDefaults: 63f80248cf5bfb3458825d9a78f2eb7e1293a040
  Then: acfe0be7e98221c6204e12f8161459606d5d822d
  WeakMapTable: 05c694ce8439a7a9ebabb56187287a63c57673d6

PODFILE CHECKSUM: d73d3ebde5bfc122a5a58094e5de0dbfa5ee81ad

COCOAPODS: 1.10.1
