PODS:
  - Kingfisher (7.1.1)
  - R.swift (5.4.0):
    - R.swift.Library (~> 5.3.0)
  - R.swift.Library (5.3.0)
  - ReactorKit (2.1.1):
    - RxSwift (~> 5.0)
    - WeakMapTable (~> 1.1)
  - ReusableKit/Core (3.0.0)
  - ReusableKit/RxSwift (3.0.0):
    - ReusableKit/Core
    - RxCocoa (~> 5.0)
    - RxSwift (~> 5.0)
  - RxCocoa (5.1.3):
    - RxRelay (~> 5)
    - RxSwift (~> 5)
  - RxRelay (5.1.3):
    - RxSwift (~> 5)
  - RxSwift (5.1.3)
  - SegementSlide (3.0.1)
  - SnapKit (5.0.1)
  - SwiftLint (0.45.0)
  - Then (2.7.0)
  - WeakMapTable (1.2.0)

DEPENDENCIES:
  - Kingfisher (~> 7.0)
  - R.swift
  - ReactorKit
  - ReusableKit/RxSwift
  - SegementSlide (= 3.0.1)
  - SnapKit (~> 5.0.0)
  - SwiftLint
  - Then

SPEC REPOS:
  trunk:
    - Kingfisher
    - R.swift
    - R.swift.Library
    - ReactorKit
    - ReusableKit
    - RxCocoa
    - RxRelay
    - RxSwift
    - SegementSlide
    - SnapKit
    - SwiftLint
    - Then
    - WeakMapTable

SPEC CHECKSUMS:
  Kingfisher: f738f9c4a3415823b8e2985d10aa2d6a9f37bc4d
  R.swift: c533450b0f7dc494e0993f5f1a1db925d84c3006
  R.swift.Library: 0fc583cb55a99e28901299cc451614cad1161962
  ReactorKit: 6d894a20c3d508344320901cd8e386fde92df4b6
  ReusableKit: e5f853ad4652e411f96b6119b2488afa12929be6
  RxCocoa: e2ed092d5432e4296aa818021d27de4090ac0354
  RxRelay: 5a18c2eb2d68326ebaf0112f80d837ae41b92b97
  RxSwift: 915abbdfb62214aa89ccd0b194d44fb478019b27
  SegementSlide: 83b56ffb66b9c0edc4e4f2a74229309c62915db3
  SnapKit: 97b92857e3df3a0c71833cce143274bf6ef8e5eb
  SwiftLint: e5c7f1fba68eccfc51509d5b2ce1699f5502e0c7
  Then: acfe0be7e98221c6204e12f8161459606d5d822d
  WeakMapTable: 05c694ce8439a7a9ebabb56187287a63c57673d6

PODFILE CHECKSUM: 70761f074a1807e9f92a3bae22d45adf06820117

COCOAPODS: 1.10.1
