// !$*UTF8*$!
{
	archiveVersion = 1;
	classes = {
	};
	objectVersion = 51;
	objects = {

/* Begin PBXBuildFile section */
		41E0CE0BB1D29594A4F51D47 /* Pods_goyotashi.framework in Frameworks */ = {isa = PBXBuildFile; fileRef = D9A2C7CE43C45943D754B76C /* Pods_goyotashi.framework */; };
		8477770F272847E90054E15D /* CountableGroupMemberButton.swift in Sources */ = {isa = PBXBuildFile; fileRef = 8477770E272847E90054E15D /* CountableGroupMemberButton.swift */; };
		8477771127285C670054E15D /* AddMemberButton.swift in Sources */ = {isa = PBXBuildFile; fileRef = 8477771027285C670054E15D /* AddMemberButton.swift */; };
		847777142728618B0054E15D /* OrganizeRestaurantViewController.swift in Sources */ = {isa = PBXBuildFile; fileRef = 847777132728618B0054E15D /* OrganizeRestaurantViewController.swift */; };
		84777716272861930054E15D /* OrganizeRestaurantReactor.swift in Sources */ = {isa = PBXBuildFile; fileRef = 84777715272861930054E15D /* OrganizeRestaurantReactor.swift */; };
		847777192728623A0054E15D /* OrganizeRestaurantCell.swift in Sources */ = {isa = PBXBuildFile; fileRef = 847777182728623A0054E15D /* OrganizeRestaurantCell.swift */; };
		8477771B272862450054E15D /* OrganizeRestaurantCellReactor.swift in Sources */ = {isa = PBXBuildFile; fileRef = 8477771A272862450054E15D /* OrganizeRestaurantCellReactor.swift */; };
		8477771E2728FC210054E15D /* EditGroupViewController.swift in Sources */ = {isa = PBXBuildFile; fileRef = 8477771D2728FC210054E15D /* EditGroupViewController.swift */; };
		847777202728FC2B0054E15D /* EditGroupReactor.swift in Sources */ = {isa = PBXBuildFile; fileRef = 8477771F2728FC2B0054E15D /* EditGroupReactor.swift */; };
		84777723272905510054E15D /* InviteMemberViewController.swift in Sources */ = {isa = PBXBuildFile; fileRef = 84777722272905510054E15D /* InviteMemberViewController.swift */; };
		847777252729055A0054E15D /* InviteMemberReactor.swift in Sources */ = {isa = PBXBuildFile; fileRef = 847777242729055A0054E15D /* InviteMemberReactor.swift */; };
		84777728272906DF0054E15D /* InviteMemberCell.swift in Sources */ = {isa = PBXBuildFile; fileRef = 84777727272906DF0054E15D /* InviteMemberCell.swift */; };
		8477772A272906E90054E15D /* InviteMemberCellReactor.swift in Sources */ = {isa = PBXBuildFile; fileRef = 84777729272906E90054E15D /* InviteMemberCellReactor.swift */; };
		8477772D27291CED0054E15D /* SearchRestaurantViewController.swift in Sources */ = {isa = PBXBuildFile; fileRef = 8477772C27291CED0054E15D /* SearchRestaurantViewController.swift */; };
		8477772F27291CF30054E15D /* SearchRestaurantReactor.swift in Sources */ = {isa = PBXBuildFile; fileRef = 8477772E27291CF30054E15D /* SearchRestaurantReactor.swift */; };
		84777732272928640054E15D /* SearchRestaurantResultViewController.swift in Sources */ = {isa = PBXBuildFile; fileRef = 84777731272928640054E15D /* SearchRestaurantResultViewController.swift */; };
		847777342729286C0054E15D /* SearchRestaurantResultReactor.swift in Sources */ = {isa = PBXBuildFile; fileRef = 847777332729286C0054E15D /* SearchRestaurantResultReactor.swift */; };
		8477773827292D130054E15D /* SearchRestaurantCell.swift in Sources */ = {isa = PBXBuildFile; fileRef = 8477773727292D130054E15D /* SearchRestaurantCell.swift */; };
		8477773A27292D1C0054E15D /* SearchRestaurantCellReactor.swift in Sources */ = {isa = PBXBuildFile; fileRef = 8477773927292D1C0054E15D /* SearchRestaurantCellReactor.swift */; };
		84AFC3762725D40600B9244E /* AppDelegate.swift in Sources */ = {isa = PBXBuildFile; fileRef = 84AFC3752725D40600B9244E /* AppDelegate.swift */; };
		84AFC3782725D40600B9244E /* SceneDelegate.swift in Sources */ = {isa = PBXBuildFile; fileRef = 84AFC3772725D40600B9244E /* SceneDelegate.swift */; };
		84AFC37A2725D40600B9244E /* ViewController.swift in Sources */ = {isa = PBXBuildFile; fileRef = 84AFC3792725D40600B9244E /* ViewController.swift */; };
		84AFC37D2725D40600B9244E /* Main.storyboard in Resources */ = {isa = PBXBuildFile; fileRef = 84AFC37B2725D40600B9244E /* Main.storyboard */; };
		84AFC37F2725D40800B9244E /* Assets.xcassets in Resources */ = {isa = PBXBuildFile; fileRef = 84AFC37E2725D40800B9244E /* Assets.xcassets */; };
		84AFC3822725D40800B9244E /* LaunchScreen.storyboard in Resources */ = {isa = PBXBuildFile; fileRef = 84AFC3802725D40800B9244E /* LaunchScreen.storyboard */; };
		84AFC38D2725D40800B9244E /* goyotashiTests.swift in Sources */ = {isa = PBXBuildFile; fileRef = 84AFC38C2725D40800B9244E /* goyotashiTests.swift */; };
		84AFC3982725D40800B9244E /* goyotashiUITests.swift in Sources */ = {isa = PBXBuildFile; fileRef = 84AFC3972725D40800B9244E /* goyotashiUITests.swift */; };
		84AFC3A927266C9900B9244E /* DevelopingViewController.swift in Sources */ = {isa = PBXBuildFile; fileRef = 84AFC3A827266C9900B9244E /* DevelopingViewController.swift */; };
		84AFC3AC27266F2100B9244E /* DeviceSize.swift in Sources */ = {isa = PBXBuildFile; fileRef = 84AFC3AB27266F2100B9244E /* DeviceSize.swift */; };
		84AFC3AE27266F5100B9244E /* ViewConstructor.swift in Sources */ = {isa = PBXBuildFile; fileRef = 84AFC3AD27266F5100B9244E /* ViewConstructor.swift */; };
		84AFC3B9272674A800B9244E /* UIColor+Extension.swift in Sources */ = {isa = PBXBuildFile; fileRef = 84AFC3B8272674A800B9244E /* UIColor+Extension.swift */; };
		84AFC3BB272676AE00B9244E /* Color.swift in Sources */ = {isa = PBXBuildFile; fileRef = 84AFC3BA272676AE00B9244E /* Color.swift */; };
		84AFC3C2272681A800B9244E /* NotoSansJP-Regular.otf in Resources */ = {isa = PBXBuildFile; fileRef = 84AFC3BF272681A800B9244E /* NotoSansJP-Regular.otf */; };
		84AFC3C3272681A800B9244E /* NotoSansJP-Bold.otf in Resources */ = {isa = PBXBuildFile; fileRef = 84AFC3C0272681A800B9244E /* NotoSansJP-Bold.otf */; };
		84AFC3C4272681A800B9244E /* NotoSansJP-Medium.otf in Resources */ = {isa = PBXBuildFile; fileRef = 84AFC3C1272681A800B9244E /* NotoSansJP-Medium.otf */; };
		84AFC3C6272682F900B9244E /* UILabel+Extension.swift in Sources */ = {isa = PBXBuildFile; fileRef = 84AFC3C5272682F900B9244E /* UILabel+Extension.swift */; };
		84AFC3C9272686BD00B9244E /* TemplateViewController.swift in Sources */ = {isa = PBXBuildFile; fileRef = 84AFC3C8272686BD00B9244E /* TemplateViewController.swift */; };
		84AFC3CB272686DC00B9244E /* TemplateReactor.swift in Sources */ = {isa = PBXBuildFile; fileRef = 84AFC3CA272686DC00B9244E /* TemplateReactor.swift */; };
		84AFC3CE27269A2E00B9244E /* TabBarController.swift in Sources */ = {isa = PBXBuildFile; fileRef = 84AFC3CD27269A2E00B9244E /* TabBarController.swift */; };
		84AFC3D42726A4EF00B9244E /* R.generated.swift in Sources */ = {isa = PBXBuildFile; fileRef = 84AFC3D32726A4EF00B9244E /* R.generated.swift */; };
		84AFC3D82726CE7800B9244E /* HomeViewController.swift in Sources */ = {isa = PBXBuildFile; fileRef = 84AFC3D72726CE7800B9244E /* HomeViewController.swift */; };
		84AFC3DA2726CE8300B9244E /* HomeReactor.swift in Sources */ = {isa = PBXBuildFile; fileRef = 84AFC3D92726CE8300B9244E /* HomeReactor.swift */; };
		84AFC3DD2726CF4100B9244E /* HomeHeaderView.swift in Sources */ = {isa = PBXBuildFile; fileRef = 84AFC3DC2726CF4100B9244E /* HomeHeaderView.swift */; };
		84AFC3DF2726D79700B9244E /* HomeGroupCell.swift in Sources */ = {isa = PBXBuildFile; fileRef = 84AFC3DE2726D79700B9244E /* HomeGroupCell.swift */; };
		84AFC3E12726D7A300B9244E /* HomeGroupCellReactor.swift in Sources */ = {isa = PBXBuildFile; fileRef = 84AFC3E02726D7A300B9244E /* HomeGroupCellReactor.swift */; };
		84AFC3E72726E64400B9244E /* HomeGroup.swift in Sources */ = {isa = PBXBuildFile; fileRef = 84AFC3E62726E64400B9244E /* HomeGroup.swift */; };
		84AFC3E92726E82900B9244E /* TestData.swift in Sources */ = {isa = PBXBuildFile; fileRef = 84AFC3E82726E82900B9244E /* TestData.swift */; };
		84AFC3EC272714D700B9244E /* ProfileViewController.swift in Sources */ = {isa = PBXBuildFile; fileRef = 84AFC3EB272714D700B9244E /* ProfileViewController.swift */; };
		84AFC3EE2727150E00B9244E /* ProfileReactor.swift in Sources */ = {isa = PBXBuildFile; fileRef = 84AFC3ED2727150E00B9244E /* ProfileReactor.swift */; };
		84AFC3F12727173100B9244E /* ProfileHeaderView.swift in Sources */ = {isa = PBXBuildFile; fileRef = 84AFC3F02727173100B9244E /* ProfileHeaderView.swift */; };
		84AFC3F327271AA200B9244E /* User.swift in Sources */ = {isa = PBXBuildFile; fileRef = 84AFC3F227271AA200B9244E /* User.swift */; };
		84AFC3F72727232000B9244E /* RoundBorderButton.swift in Sources */ = {isa = PBXBuildFile; fileRef = 84AFC3F62727232000B9244E /* RoundBorderButton.swift */; };
		84AFC3FA272733F800B9244E /* ProfileGroupListViewController.swift in Sources */ = {isa = PBXBuildFile; fileRef = 84AFC3F9272733F800B9244E /* ProfileGroupListViewController.swift */; };
		84AFC3FC2727340000B9244E /* ProfileGroupListReactor.swift in Sources */ = {isa = PBXBuildFile; fileRef = 84AFC3FB2727340000B9244E /* ProfileGroupListReactor.swift */; };
		84AFC3FF272734F400B9244E /* ProfileGroupListCell.swift in Sources */ = {isa = PBXBuildFile; fileRef = 84AFC3FE272734F400B9244E /* ProfileGroupListCell.swift */; };
		84AFC401272734FD00B9244E /* ProfileGroupListCellReactor.swift in Sources */ = {isa = PBXBuildFile; fileRef = 84AFC400272734FD00B9244E /* ProfileGroupListCellReactor.swift */; };
		84AFC40327273E8100B9244E /* RoundBorderDotsButton.swift in Sources */ = {isa = PBXBuildFile; fileRef = 84AFC40227273E8100B9244E /* RoundBorderDotsButton.swift */; };
		84AFC4052727419700B9244E /* PlusButton.swift in Sources */ = {isa = PBXBuildFile; fileRef = 84AFC4042727419700B9244E /* PlusButton.swift */; };
		84AFC4072727474100B9244E /* ProfileGroup.swift in Sources */ = {isa = PBXBuildFile; fileRef = 84AFC4062727474100B9244E /* ProfileGroup.swift */; };
		84AFC40A2727A62A00B9244E /* GroupViewController.swift in Sources */ = {isa = PBXBuildFile; fileRef = 84AFC4092727A62A00B9244E /* GroupViewController.swift */; };
		84AFC40C2727A63500B9244E /* GroupReactor.swift in Sources */ = {isa = PBXBuildFile; fileRef = 84AFC40B2727A63500B9244E /* GroupReactor.swift */; };
		84AFC40F2727A6C600B9244E /* GroupHeaderView.swift in Sources */ = {isa = PBXBuildFile; fileRef = 84AFC40E2727A6C600B9244E /* GroupHeaderView.swift */; };
		84AFC4112727A84400B9244E /* GroupMemberButton.swift in Sources */ = {isa = PBXBuildFile; fileRef = 84AFC4102727A84400B9244E /* GroupMemberButton.swift */; };
		84AFC4132727BC0600B9244E /* GroupActionButton.swift in Sources */ = {isa = PBXBuildFile; fileRef = 84AFC4122727BC0600B9244E /* GroupActionButton.swift */; };
		84AFC4152727D59400B9244E /* GroupRestaurantCell.swift in Sources */ = {isa = PBXBuildFile; fileRef = 84AFC4142727D59400B9244E /* GroupRestaurantCell.swift */; };
		84AFC4172727D59D00B9244E /* GroupRestaurantCellReactor.swift in Sources */ = {isa = PBXBuildFile; fileRef = 84AFC4162727D59D00B9244E /* GroupRestaurantCellReactor.swift */; };
		84AFC4192727E39400B9244E /* GroupRestaurant.swift in Sources */ = {isa = PBXBuildFile; fileRef = 84AFC4182727E39400B9244E /* GroupRestaurant.swift */; };
		84AFC41B2727E84F00B9244E /* Group.swift in Sources */ = {isa = PBXBuildFile; fileRef = 84AFC41A2727E84F00B9244E /* Group.swift */; };
		84AFC41E2727FEED00B9244E /* RestaurantViewController.swift in Sources */ = {isa = PBXBuildFile; fileRef = 84AFC41D2727FEEC00B9244E /* RestaurantViewController.swift */; };
		84AFC4202727FEF500B9244E /* RestaurantReactor.swift in Sources */ = {isa = PBXBuildFile; fileRef = 84AFC41F2727FEF500B9244E /* RestaurantReactor.swift */; };
		84AFC4232727FFD200B9244E /* RestaurantHeaderView.swift in Sources */ = {isa = PBXBuildFile; fileRef = 84AFC4222727FFD200B9244E /* RestaurantHeaderView.swift */; };
		84AFC4252728030800B9244E /* AddRestaurantButton.swift in Sources */ = {isa = PBXBuildFile; fileRef = 84AFC4242728030800B9244E /* AddRestaurantButton.swift */; };
		84AFC4272728050B00B9244E /* RestaurantInformationView.swift in Sources */ = {isa = PBXBuildFile; fileRef = 84AFC4262728050B00B9244E /* RestaurantInformationView.swift */; };
		84B88DE2272810B9004EB87D /* OpenMapButton.swift in Sources */ = {isa = PBXBuildFile; fileRef = 84B88DE1272810B9004EB87D /* OpenMapButton.swift */; };
		84B88DE4272816E1004EB87D /* RestaurantOtherGroupCell.swift in Sources */ = {isa = PBXBuildFile; fileRef = 84B88DE3272816E1004EB87D /* RestaurantOtherGroupCell.swift */; };
		84B88DE6272816EA004EB87D /* RestaurantOtherGroupCellReactor.swift in Sources */ = {isa = PBXBuildFile; fileRef = 84B88DE5272816EA004EB87D /* RestaurantOtherGroupCellReactor.swift */; };
		84B88DE827281804004EB87D /* RestaurantOtherGroup.swift in Sources */ = {isa = PBXBuildFile; fileRef = 84B88DE727281804004EB87D /* RestaurantOtherGroup.swift */; };
		84B88DEA27281B67004EB87D /* Restaurant.swift in Sources */ = {isa = PBXBuildFile; fileRef = 84B88DE927281B67004EB87D /* Restaurant.swift */; };
		84B88DEC27281C05004EB87D /* Location.swift in Sources */ = {isa = PBXBuildFile; fileRef = 84B88DEB27281C05004EB87D /* Location.swift */; };
		84B88DF127283799004EB87D /* CreateGroupViewController.swift in Sources */ = {isa = PBXBuildFile; fileRef = 84B88DF027283799004EB87D /* CreateGroupViewController.swift */; };
		84B88DF3272837A4004EB87D /* CreateGroupReactor.swift in Sources */ = {isa = PBXBuildFile; fileRef = 84B88DF2272837A4004EB87D /* CreateGroupReactor.swift */; };
		C9E235DF076AE0453284CE2A /* Pods_goyotashiTests.framework in Frameworks */ = {isa = PBXBuildFile; fileRef = 38E6BE1198716C93506F4C92 /* Pods_goyotashiTests.framework */; };
		F70D3ADA7A6F72E7AB99F70D /* Pods_goyotashi_goyotashiUITests.framework in Frameworks */ = {isa = PBXBuildFile; fileRef = 6F1C92D00F828F7ED1AB5F45 /* Pods_goyotashi_goyotashiUITests.framework */; };
/* End PBXBuildFile section */

/* Begin PBXContainerItemProxy section */
		84AFC3892725D40800B9244E /* PBXContainerItemProxy */ = {
			isa = PBXContainerItemProxy;
			containerPortal = 84AFC36A2725D40600B9244E /* Project object */;
			proxyType = 1;
			remoteGlobalIDString = 84AFC3712725D40600B9244E;
			remoteInfo = goyotashi;
		};
		84AFC3942725D40800B9244E /* PBXContainerItemProxy */ = {
			isa = PBXContainerItemProxy;
			containerPortal = 84AFC36A2725D40600B9244E /* Project object */;
			proxyType = 1;
			remoteGlobalIDString = 84AFC3712725D40600B9244E;
			remoteInfo = goyotashi;
		};
/* End PBXContainerItemProxy section */

/* Begin PBXFileReference section */
		38E6BE1198716C93506F4C92 /* Pods_goyotashiTests.framework */ = {isa = PBXFileReference; explicitFileType = wrapper.framework; includeInIndex = 0; path = Pods_goyotashiTests.framework; sourceTree = BUILT_PRODUCTS_DIR; };
		5A2510B4727F1FAB74093E2D /* Pods-goyotashi.debug.xcconfig */ = {isa = PBXFileReference; includeInIndex = 1; lastKnownFileType = text.xcconfig; name = "Pods-goyotashi.debug.xcconfig"; path = "Target Support Files/Pods-goyotashi/Pods-goyotashi.debug.xcconfig"; sourceTree = "<group>"; };
		6F1C92D00F828F7ED1AB5F45 /* Pods_goyotashi_goyotashiUITests.framework */ = {isa = PBXFileReference; explicitFileType = wrapper.framework; includeInIndex = 0; path = Pods_goyotashi_goyotashiUITests.framework; sourceTree = BUILT_PRODUCTS_DIR; };
		78D738EBE6608E20911C41B2 /* Pods-goyotashiTests.release.xcconfig */ = {isa = PBXFileReference; includeInIndex = 1; lastKnownFileType = text.xcconfig; name = "Pods-goyotashiTests.release.xcconfig"; path = "Target Support Files/Pods-goyotashiTests/Pods-goyotashiTests.release.xcconfig"; sourceTree = "<group>"; };
		8477770E272847E90054E15D /* CountableGroupMemberButton.swift */ = {isa = PBXFileReference; lastKnownFileType = sourcecode.swift; path = CountableGroupMemberButton.swift; sourceTree = "<group>"; };
		8477771027285C670054E15D /* AddMemberButton.swift */ = {isa = PBXFileReference; lastKnownFileType = sourcecode.swift; path = AddMemberButton.swift; sourceTree = "<group>"; };
		847777132728618B0054E15D /* OrganizeRestaurantViewController.swift */ = {isa = PBXFileReference; lastKnownFileType = sourcecode.swift; path = OrganizeRestaurantViewController.swift; sourceTree = "<group>"; };
		84777715272861930054E15D /* OrganizeRestaurantReactor.swift */ = {isa = PBXFileReference; lastKnownFileType = sourcecode.swift; path = OrganizeRestaurantReactor.swift; sourceTree = "<group>"; };
		847777182728623A0054E15D /* OrganizeRestaurantCell.swift */ = {isa = PBXFileReference; lastKnownFileType = sourcecode.swift; path = OrganizeRestaurantCell.swift; sourceTree = "<group>"; };
		8477771A272862450054E15D /* OrganizeRestaurantCellReactor.swift */ = {isa = PBXFileReference; lastKnownFileType = sourcecode.swift; path = OrganizeRestaurantCellReactor.swift; sourceTree = "<group>"; };
		8477771D2728FC210054E15D /* EditGroupViewController.swift */ = {isa = PBXFileReference; lastKnownFileType = sourcecode.swift; path = EditGroupViewController.swift; sourceTree = "<group>"; };
		8477771F2728FC2B0054E15D /* EditGroupReactor.swift */ = {isa = PBXFileReference; lastKnownFileType = sourcecode.swift; path = EditGroupReactor.swift; sourceTree = "<group>"; };
		84777722272905510054E15D /* InviteMemberViewController.swift */ = {isa = PBXFileReference; lastKnownFileType = sourcecode.swift; path = InviteMemberViewController.swift; sourceTree = "<group>"; };
		847777242729055A0054E15D /* InviteMemberReactor.swift */ = {isa = PBXFileReference; lastKnownFileType = sourcecode.swift; path = InviteMemberReactor.swift; sourceTree = "<group>"; };
		84777727272906DF0054E15D /* InviteMemberCell.swift */ = {isa = PBXFileReference; lastKnownFileType = sourcecode.swift; path = InviteMemberCell.swift; sourceTree = "<group>"; };
		84777729272906E90054E15D /* InviteMemberCellReactor.swift */ = {isa = PBXFileReference; lastKnownFileType = sourcecode.swift; path = InviteMemberCellReactor.swift; sourceTree = "<group>"; };
		8477772C27291CED0054E15D /* SearchRestaurantViewController.swift */ = {isa = PBXFileReference; lastKnownFileType = sourcecode.swift; path = SearchRestaurantViewController.swift; sourceTree = "<group>"; };
		8477772E27291CF30054E15D /* SearchRestaurantReactor.swift */ = {isa = PBXFileReference; lastKnownFileType = sourcecode.swift; path = SearchRestaurantReactor.swift; sourceTree = "<group>"; };
		84777731272928640054E15D /* SearchRestaurantResultViewController.swift */ = {isa = PBXFileReference; lastKnownFileType = sourcecode.swift; path = SearchRestaurantResultViewController.swift; sourceTree = "<group>"; };
		847777332729286C0054E15D /* SearchRestaurantResultReactor.swift */ = {isa = PBXFileReference; lastKnownFileType = sourcecode.swift; path = SearchRestaurantResultReactor.swift; sourceTree = "<group>"; };
		8477773727292D130054E15D /* SearchRestaurantCell.swift */ = {isa = PBXFileReference; lastKnownFileType = sourcecode.swift; path = SearchRestaurantCell.swift; sourceTree = "<group>"; };
		8477773927292D1C0054E15D /* SearchRestaurantCellReactor.swift */ = {isa = PBXFileReference; lastKnownFileType = sourcecode.swift; path = SearchRestaurantCellReactor.swift; sourceTree = "<group>"; };
		84AFC3722725D40600B9244E /* goyotashi.app */ = {isa = PBXFileReference; explicitFileType = wrapper.application; includeInIndex = 0; path = goyotashi.app; sourceTree = BUILT_PRODUCTS_DIR; };
		84AFC3752725D40600B9244E /* AppDelegate.swift */ = {isa = PBXFileReference; lastKnownFileType = sourcecode.swift; path = AppDelegate.swift; sourceTree = "<group>"; };
		84AFC3772725D40600B9244E /* SceneDelegate.swift */ = {isa = PBXFileReference; lastKnownFileType = sourcecode.swift; path = SceneDelegate.swift; sourceTree = "<group>"; };
		84AFC3792725D40600B9244E /* ViewController.swift */ = {isa = PBXFileReference; lastKnownFileType = sourcecode.swift; path = ViewController.swift; sourceTree = "<group>"; };
		84AFC37C2725D40600B9244E /* Base */ = {isa = PBXFileReference; lastKnownFileType = file.storyboard; name = Base; path = Base.lproj/Main.storyboard; sourceTree = "<group>"; };
		84AFC37E2725D40800B9244E /* Assets.xcassets */ = {isa = PBXFileReference; lastKnownFileType = folder.assetcatalog; path = Assets.xcassets; sourceTree = "<group>"; };
		84AFC3812725D40800B9244E /* Base */ = {isa = PBXFileReference; lastKnownFileType = file.storyboard; name = Base; path = Base.lproj/LaunchScreen.storyboard; sourceTree = "<group>"; };
		84AFC3832725D40800B9244E /* Info.plist */ = {isa = PBXFileReference; lastKnownFileType = text.plist.xml; path = Info.plist; sourceTree = "<group>"; };
		84AFC3882725D40800B9244E /* goyotashiTests.xctest */ = {isa = PBXFileReference; explicitFileType = wrapper.cfbundle; includeInIndex = 0; path = goyotashiTests.xctest; sourceTree = BUILT_PRODUCTS_DIR; };
		84AFC38C2725D40800B9244E /* goyotashiTests.swift */ = {isa = PBXFileReference; lastKnownFileType = sourcecode.swift; path = goyotashiTests.swift; sourceTree = "<group>"; };
		84AFC38E2725D40800B9244E /* Info.plist */ = {isa = PBXFileReference; lastKnownFileType = text.plist.xml; path = Info.plist; sourceTree = "<group>"; };
		84AFC3932725D40800B9244E /* goyotashiUITests.xctest */ = {isa = PBXFileReference; explicitFileType = wrapper.cfbundle; includeInIndex = 0; path = goyotashiUITests.xctest; sourceTree = BUILT_PRODUCTS_DIR; };
		84AFC3972725D40800B9244E /* goyotashiUITests.swift */ = {isa = PBXFileReference; lastKnownFileType = sourcecode.swift; path = goyotashiUITests.swift; sourceTree = "<group>"; };
		84AFC3992725D40800B9244E /* Info.plist */ = {isa = PBXFileReference; lastKnownFileType = text.plist.xml; path = Info.plist; sourceTree = "<group>"; };
		84AFC3A827266C9900B9244E /* DevelopingViewController.swift */ = {isa = PBXFileReference; lastKnownFileType = sourcecode.swift; path = DevelopingViewController.swift; sourceTree = "<group>"; };
		84AFC3AB27266F2100B9244E /* DeviceSize.swift */ = {isa = PBXFileReference; lastKnownFileType = sourcecode.swift; path = DeviceSize.swift; sourceTree = "<group>"; };
		84AFC3AD27266F5100B9244E /* ViewConstructor.swift */ = {isa = PBXFileReference; lastKnownFileType = sourcecode.swift; path = ViewConstructor.swift; sourceTree = "<group>"; };
		84AFC3B8272674A800B9244E /* UIColor+Extension.swift */ = {isa = PBXFileReference; lastKnownFileType = sourcecode.swift; path = "UIColor+Extension.swift"; sourceTree = "<group>"; };
		84AFC3BA272676AE00B9244E /* Color.swift */ = {isa = PBXFileReference; lastKnownFileType = sourcecode.swift; path = Color.swift; sourceTree = "<group>"; };
		84AFC3BF272681A800B9244E /* NotoSansJP-Regular.otf */ = {isa = PBXFileReference; lastKnownFileType = file; path = "NotoSansJP-Regular.otf"; sourceTree = "<group>"; };
		84AFC3C0272681A800B9244E /* NotoSansJP-Bold.otf */ = {isa = PBXFileReference; lastKnownFileType = file; path = "NotoSansJP-Bold.otf"; sourceTree = "<group>"; };
		84AFC3C1272681A800B9244E /* NotoSansJP-Medium.otf */ = {isa = PBXFileReference; lastKnownFileType = file; path = "NotoSansJP-Medium.otf"; sourceTree = "<group>"; };
		84AFC3C5272682F900B9244E /* UILabel+Extension.swift */ = {isa = PBXFileReference; lastKnownFileType = sourcecode.swift; path = "UILabel+Extension.swift"; sourceTree = "<group>"; };
		84AFC3C8272686BD00B9244E /* TemplateViewController.swift */ = {isa = PBXFileReference; lastKnownFileType = sourcecode.swift; path = TemplateViewController.swift; sourceTree = "<group>"; };
		84AFC3CA272686DC00B9244E /* TemplateReactor.swift */ = {isa = PBXFileReference; lastKnownFileType = sourcecode.swift; path = TemplateReactor.swift; sourceTree = "<group>"; };
		84AFC3CD27269A2E00B9244E /* TabBarController.swift */ = {isa = PBXFileReference; lastKnownFileType = sourcecode.swift; path = TabBarController.swift; sourceTree = "<group>"; };
		84AFC3D32726A4EF00B9244E /* R.generated.swift */ = {isa = PBXFileReference; fileEncoding = 4; lastKnownFileType = sourcecode.swift; path = R.generated.swift; sourceTree = "<group>"; };
		84AFC3D72726CE7800B9244E /* HomeViewController.swift */ = {isa = PBXFileReference; lastKnownFileType = sourcecode.swift; path = HomeViewController.swift; sourceTree = "<group>"; };
		84AFC3D92726CE8300B9244E /* HomeReactor.swift */ = {isa = PBXFileReference; lastKnownFileType = sourcecode.swift; path = HomeReactor.swift; sourceTree = "<group>"; };
		84AFC3DC2726CF4100B9244E /* HomeHeaderView.swift */ = {isa = PBXFileReference; lastKnownFileType = sourcecode.swift; path = HomeHeaderView.swift; sourceTree = "<group>"; };
		84AFC3DE2726D79700B9244E /* HomeGroupCell.swift */ = {isa = PBXFileReference; lastKnownFileType = sourcecode.swift; path = HomeGroupCell.swift; sourceTree = "<group>"; };
		84AFC3E02726D7A300B9244E /* HomeGroupCellReactor.swift */ = {isa = PBXFileReference; lastKnownFileType = sourcecode.swift; path = HomeGroupCellReactor.swift; sourceTree = "<group>"; };
		84AFC3E62726E64400B9244E /* HomeGroup.swift */ = {isa = PBXFileReference; lastKnownFileType = sourcecode.swift; path = HomeGroup.swift; sourceTree = "<group>"; };
		84AFC3E82726E82900B9244E /* TestData.swift */ = {isa = PBXFileReference; lastKnownFileType = sourcecode.swift; path = TestData.swift; sourceTree = "<group>"; };
		84AFC3EB272714D700B9244E /* ProfileViewController.swift */ = {isa = PBXFileReference; lastKnownFileType = sourcecode.swift; path = ProfileViewController.swift; sourceTree = "<group>"; };
		84AFC3ED2727150E00B9244E /* ProfileReactor.swift */ = {isa = PBXFileReference; lastKnownFileType = sourcecode.swift; path = ProfileReactor.swift; sourceTree = "<group>"; };
		84AFC3F02727173100B9244E /* ProfileHeaderView.swift */ = {isa = PBXFileReference; lastKnownFileType = sourcecode.swift; path = ProfileHeaderView.swift; sourceTree = "<group>"; };
		84AFC3F227271AA200B9244E /* User.swift */ = {isa = PBXFileReference; lastKnownFileType = sourcecode.swift; path = User.swift; sourceTree = "<group>"; };
		84AFC3F62727232000B9244E /* RoundBorderButton.swift */ = {isa = PBXFileReference; lastKnownFileType = sourcecode.swift; path = RoundBorderButton.swift; sourceTree = "<group>"; };
		84AFC3F9272733F800B9244E /* ProfileGroupListViewController.swift */ = {isa = PBXFileReference; lastKnownFileType = sourcecode.swift; path = ProfileGroupListViewController.swift; sourceTree = "<group>"; };
		84AFC3FB2727340000B9244E /* ProfileGroupListReactor.swift */ = {isa = PBXFileReference; lastKnownFileType = sourcecode.swift; path = ProfileGroupListReactor.swift; sourceTree = "<group>"; };
		84AFC3FE272734F400B9244E /* ProfileGroupListCell.swift */ = {isa = PBXFileReference; lastKnownFileType = sourcecode.swift; path = ProfileGroupListCell.swift; sourceTree = "<group>"; };
		84AFC400272734FD00B9244E /* ProfileGroupListCellReactor.swift */ = {isa = PBXFileReference; lastKnownFileType = sourcecode.swift; path = ProfileGroupListCellReactor.swift; sourceTree = "<group>"; };
		84AFC40227273E8100B9244E /* RoundBorderDotsButton.swift */ = {isa = PBXFileReference; lastKnownFileType = sourcecode.swift; path = RoundBorderDotsButton.swift; sourceTree = "<group>"; };
		84AFC4042727419700B9244E /* PlusButton.swift */ = {isa = PBXFileReference; lastKnownFileType = sourcecode.swift; path = PlusButton.swift; sourceTree = "<group>"; };
		84AFC4062727474100B9244E /* ProfileGroup.swift */ = {isa = PBXFileReference; lastKnownFileType = sourcecode.swift; path = ProfileGroup.swift; sourceTree = "<group>"; };
		84AFC4092727A62A00B9244E /* GroupViewController.swift */ = {isa = PBXFileReference; lastKnownFileType = sourcecode.swift; path = GroupViewController.swift; sourceTree = "<group>"; };
		84AFC40B2727A63500B9244E /* GroupReactor.swift */ = {isa = PBXFileReference; lastKnownFileType = sourcecode.swift; path = GroupReactor.swift; sourceTree = "<group>"; };
		84AFC40E2727A6C600B9244E /* GroupHeaderView.swift */ = {isa = PBXFileReference; lastKnownFileType = sourcecode.swift; path = GroupHeaderView.swift; sourceTree = "<group>"; };
		84AFC4102727A84400B9244E /* GroupMemberButton.swift */ = {isa = PBXFileReference; lastKnownFileType = sourcecode.swift; path = GroupMemberButton.swift; sourceTree = "<group>"; };
		84AFC4122727BC0600B9244E /* GroupActionButton.swift */ = {isa = PBXFileReference; lastKnownFileType = sourcecode.swift; path = GroupActionButton.swift; sourceTree = "<group>"; };
		84AFC4142727D59400B9244E /* GroupRestaurantCell.swift */ = {isa = PBXFileReference; lastKnownFileType = sourcecode.swift; path = GroupRestaurantCell.swift; sourceTree = "<group>"; };
		84AFC4162727D59D00B9244E /* GroupRestaurantCellReactor.swift */ = {isa = PBXFileReference; lastKnownFileType = sourcecode.swift; path = GroupRestaurantCellReactor.swift; sourceTree = "<group>"; };
		84AFC4182727E39400B9244E /* GroupRestaurant.swift */ = {isa = PBXFileReference; lastKnownFileType = sourcecode.swift; path = GroupRestaurant.swift; sourceTree = "<group>"; };
		84AFC41A2727E84F00B9244E /* Group.swift */ = {isa = PBXFileReference; lastKnownFileType = sourcecode.swift; path = Group.swift; sourceTree = "<group>"; };
		84AFC41D2727FEEC00B9244E /* RestaurantViewController.swift */ = {isa = PBXFileReference; lastKnownFileType = sourcecode.swift; path = RestaurantViewController.swift; sourceTree = "<group>"; };
		84AFC41F2727FEF500B9244E /* RestaurantReactor.swift */ = {isa = PBXFileReference; lastKnownFileType = sourcecode.swift; path = RestaurantReactor.swift; sourceTree = "<group>"; };
		84AFC4222727FFD200B9244E /* RestaurantHeaderView.swift */ = {isa = PBXFileReference; lastKnownFileType = sourcecode.swift; path = RestaurantHeaderView.swift; sourceTree = "<group>"; };
		84AFC4242728030800B9244E /* AddRestaurantButton.swift */ = {isa = PBXFileReference; lastKnownFileType = sourcecode.swift; path = AddRestaurantButton.swift; sourceTree = "<group>"; };
		84AFC4262728050B00B9244E /* RestaurantInformationView.swift */ = {isa = PBXFileReference; lastKnownFileType = sourcecode.swift; path = RestaurantInformationView.swift; sourceTree = "<group>"; };
		84B88DE1272810B9004EB87D /* OpenMapButton.swift */ = {isa = PBXFileReference; lastKnownFileType = sourcecode.swift; path = OpenMapButton.swift; sourceTree = "<group>"; };
		84B88DE3272816E1004EB87D /* RestaurantOtherGroupCell.swift */ = {isa = PBXFileReference; lastKnownFileType = sourcecode.swift; path = RestaurantOtherGroupCell.swift; sourceTree = "<group>"; };
		84B88DE5272816EA004EB87D /* RestaurantOtherGroupCellReactor.swift */ = {isa = PBXFileReference; lastKnownFileType = sourcecode.swift; path = RestaurantOtherGroupCellReactor.swift; sourceTree = "<group>"; };
		84B88DE727281804004EB87D /* RestaurantOtherGroup.swift */ = {isa = PBXFileReference; lastKnownFileType = sourcecode.swift; path = RestaurantOtherGroup.swift; sourceTree = "<group>"; };
		84B88DE927281B67004EB87D /* Restaurant.swift */ = {isa = PBXFileReference; lastKnownFileType = sourcecode.swift; path = Restaurant.swift; sourceTree = "<group>"; };
		84B88DEB27281C05004EB87D /* Location.swift */ = {isa = PBXFileReference; lastKnownFileType = sourcecode.swift; path = Location.swift; sourceTree = "<group>"; };
		84B88DF027283799004EB87D /* CreateGroupViewController.swift */ = {isa = PBXFileReference; lastKnownFileType = sourcecode.swift; path = CreateGroupViewController.swift; sourceTree = "<group>"; };
		84B88DF2272837A4004EB87D /* CreateGroupReactor.swift */ = {isa = PBXFileReference; lastKnownFileType = sourcecode.swift; path = CreateGroupReactor.swift; sourceTree = "<group>"; };
		AA95625A967B92EE36331243 /* Pods-goyotashi-goyotashiUITests.release.xcconfig */ = {isa = PBXFileReference; includeInIndex = 1; lastKnownFileType = text.xcconfig; name = "Pods-goyotashi-goyotashiUITests.release.xcconfig"; path = "Target Support Files/Pods-goyotashi-goyotashiUITests/Pods-goyotashi-goyotashiUITests.release.xcconfig"; sourceTree = "<group>"; };
		B707DF8E2402CEF9A2130B10 /* Pods-goyotashi-goyotashiUITests.debug.xcconfig */ = {isa = PBXFileReference; includeInIndex = 1; lastKnownFileType = text.xcconfig; name = "Pods-goyotashi-goyotashiUITests.debug.xcconfig"; path = "Target Support Files/Pods-goyotashi-goyotashiUITests/Pods-goyotashi-goyotashiUITests.debug.xcconfig"; sourceTree = "<group>"; };
		D9A2C7CE43C45943D754B76C /* Pods_goyotashi.framework */ = {isa = PBXFileReference; explicitFileType = wrapper.framework; includeInIndex = 0; path = Pods_goyotashi.framework; sourceTree = BUILT_PRODUCTS_DIR; };
		E389DE2A3AEF77328A5FA225 /* Pods-goyotashiTests.debug.xcconfig */ = {isa = PBXFileReference; includeInIndex = 1; lastKnownFileType = text.xcconfig; name = "Pods-goyotashiTests.debug.xcconfig"; path = "Target Support Files/Pods-goyotashiTests/Pods-goyotashiTests.debug.xcconfig"; sourceTree = "<group>"; };
		F8DDF477CEA6C07373B17BDE /* Pods-goyotashi.release.xcconfig */ = {isa = PBXFileReference; includeInIndex = 1; lastKnownFileType = text.xcconfig; name = "Pods-goyotashi.release.xcconfig"; path = "Target Support Files/Pods-goyotashi/Pods-goyotashi.release.xcconfig"; sourceTree = "<group>"; };
/* End PBXFileReference section */

/* Begin PBXFrameworksBuildPhase section */
		84AFC36F2725D40600B9244E /* Frameworks */ = {
			isa = PBXFrameworksBuildPhase;
			buildActionMask = 2147483647;
			files = (
				41E0CE0BB1D29594A4F51D47 /* Pods_goyotashi.framework in Frameworks */,
			);
			runOnlyForDeploymentPostprocessing = 0;
		};
		84AFC3852725D40800B9244E /* Frameworks */ = {
			isa = PBXFrameworksBuildPhase;
			buildActionMask = 2147483647;
			files = (
				C9E235DF076AE0453284CE2A /* Pods_goyotashiTests.framework in Frameworks */,
			);
			runOnlyForDeploymentPostprocessing = 0;
		};
		84AFC3902725D40800B9244E /* Frameworks */ = {
			isa = PBXFrameworksBuildPhase;
			buildActionMask = 2147483647;
			files = (
				F70D3ADA7A6F72E7AB99F70D /* Pods_goyotashi_goyotashiUITests.framework in Frameworks */,
			);
			runOnlyForDeploymentPostprocessing = 0;
		};
/* End PBXFrameworksBuildPhase section */

/* Begin PBXGroup section */
		2FAA579DAC6576C52B192EE4 /* Pods */ = {
			isa = PBXGroup;
			children = (
				5A2510B4727F1FAB74093E2D /* Pods-goyotashi.debug.xcconfig */,
				F8DDF477CEA6C07373B17BDE /* Pods-goyotashi.release.xcconfig */,
				B707DF8E2402CEF9A2130B10 /* Pods-goyotashi-goyotashiUITests.debug.xcconfig */,
				AA95625A967B92EE36331243 /* Pods-goyotashi-goyotashiUITests.release.xcconfig */,
				E389DE2A3AEF77328A5FA225 /* Pods-goyotashiTests.debug.xcconfig */,
				78D738EBE6608E20911C41B2 /* Pods-goyotashiTests.release.xcconfig */,
			);
			path = Pods;
			sourceTree = "<group>";
		};
		707C92D549B2E71F8A6A20F9 /* Frameworks */ = {
			isa = PBXGroup;
			children = (
				D9A2C7CE43C45943D754B76C /* Pods_goyotashi.framework */,
				6F1C92D00F828F7ED1AB5F45 /* Pods_goyotashi_goyotashiUITests.framework */,
				38E6BE1198716C93506F4C92 /* Pods_goyotashiTests.framework */,
			);
			name = Frameworks;
			sourceTree = "<group>";
		};
		84777712272861600054E15D /* OrganizeRestaurant */ = {
			isa = PBXGroup;
			children = (
				847777132728618B0054E15D /* OrganizeRestaurantViewController.swift */,
				84777715272861930054E15D /* OrganizeRestaurantReactor.swift */,
			);
			path = OrganizeRestaurant;
			sourceTree = "<group>";
		};
		84777717272862060054E15D /* OrganizeRestaurant */ = {
			isa = PBXGroup;
			children = (
				847777182728623A0054E15D /* OrganizeRestaurantCell.swift */,
				8477771A272862450054E15D /* OrganizeRestaurantCellReactor.swift */,
			);
			path = OrganizeRestaurant;
			sourceTree = "<group>";
		};
		8477771C2728FBF80054E15D /* EditGroup */ = {
			isa = PBXGroup;
			children = (
				8477771D2728FC210054E15D /* EditGroupViewController.swift */,
				8477771F2728FC2B0054E15D /* EditGroupReactor.swift */,
			);
			path = EditGroup;
			sourceTree = "<group>";
		};
		84777721272905200054E15D /* InviteMember */ = {
			isa = PBXGroup;
			children = (
				84777722272905510054E15D /* InviteMemberViewController.swift */,
				847777242729055A0054E15D /* InviteMemberReactor.swift */,
			);
			path = InviteMember;
			sourceTree = "<group>";
		};
		84777726272905BF0054E15D /* InviteMember */ = {
			isa = PBXGroup;
			children = (
				84777727272906DF0054E15D /* InviteMemberCell.swift */,
				84777729272906E90054E15D /* InviteMemberCellReactor.swift */,
			);
			path = InviteMember;
			sourceTree = "<group>";
		};
		8477772B27291CC80054E15D /* SearchRestaurant */ = {
			isa = PBXGroup;
			children = (
				8477772C27291CED0054E15D /* SearchRestaurantViewController.swift */,
				8477772E27291CF30054E15D /* SearchRestaurantReactor.swift */,
				847777302729283F0054E15D /* SearchRestaurantResult */,
			);
			path = SearchRestaurant;
			sourceTree = "<group>";
		};
		847777302729283F0054E15D /* SearchRestaurantResult */ = {
			isa = PBXGroup;
			children = (
				84777731272928640054E15D /* SearchRestaurantResultViewController.swift */,
				847777332729286C0054E15D /* SearchRestaurantResultReactor.swift */,
			);
			path = SearchRestaurantResult;
			sourceTree = "<group>";
		};
		8477773527292C2C0054E15D /* SearchRestaurant */ = {
			isa = PBXGroup;
			children = (
				8477773727292D130054E15D /* SearchRestaurantCell.swift */,
				8477773927292D1C0054E15D /* SearchRestaurantCellReactor.swift */,
			);
			path = SearchRestaurant;
			sourceTree = "<group>";
		};
		8477773B2729468E0054E15D /* AddToGroup */ = {
			isa = PBXGroup;
			children = (
			);
			path = AddToGroup;
			sourceTree = "<group>";
		};
		84AFC3692725D40600B9244E = {
			isa = PBXGroup;
			children = (
				84AFC3742725D40600B9244E /* goyotashi */,
				84AFC38B2725D40800B9244E /* goyotashiTests */,
				84AFC3962725D40800B9244E /* goyotashiUITests */,
				84AFC3732725D40600B9244E /* Products */,
				2FAA579DAC6576C52B192EE4 /* Pods */,
				707C92D549B2E71F8A6A20F9 /* Frameworks */,
			);
			sourceTree = "<group>";
		};
		84AFC3732725D40600B9244E /* Products */ = {
			isa = PBXGroup;
			children = (
				84AFC3722725D40600B9244E /* goyotashi.app */,
				84AFC3882725D40800B9244E /* goyotashiTests.xctest */,
				84AFC3932725D40800B9244E /* goyotashiUITests.xctest */,
			);
			name = Products;
			sourceTree = "<group>";
		};
		84AFC3742725D40600B9244E /* goyotashi */ = {
			isa = PBXGroup;
			children = (
				84AFC3E42726E5C500B9244E /* BusinessLogic */,
				84AFC3BD2726814F00B9244E /* Resources */,
				84AFC3B72726745F00B9244E /* Extensions */,
				84AFC3B22726729B00B9244E /* UI */,
				84AFC3AA27266EFB00B9244E /* Utilities */,
				84AFC3A727266C5C00B9244E /* Developing */,
				84AFC3752725D40600B9244E /* AppDelegate.swift */,
				84AFC3772725D40600B9244E /* SceneDelegate.swift */,
				84AFC3792725D40600B9244E /* ViewController.swift */,
				84AFC37B2725D40600B9244E /* Main.storyboard */,
				84AFC37E2725D40800B9244E /* Assets.xcassets */,
				84AFC3802725D40800B9244E /* LaunchScreen.storyboard */,
				84AFC3832725D40800B9244E /* Info.plist */,
			);
			path = goyotashi;
			sourceTree = "<group>";
		};
		84AFC38B2725D40800B9244E /* goyotashiTests */ = {
			isa = PBXGroup;
			children = (
				84AFC38C2725D40800B9244E /* goyotashiTests.swift */,
				84AFC38E2725D40800B9244E /* Info.plist */,
			);
			path = goyotashiTests;
			sourceTree = "<group>";
		};
		84AFC3962725D40800B9244E /* goyotashiUITests */ = {
			isa = PBXGroup;
			children = (
				84AFC3972725D40800B9244E /* goyotashiUITests.swift */,
				84AFC3992725D40800B9244E /* Info.plist */,
			);
			path = goyotashiUITests;
			sourceTree = "<group>";
		};
		84AFC3A727266C5C00B9244E /* Developing */ = {
			isa = PBXGroup;
			children = (
				84AFC3A827266C9900B9244E /* DevelopingViewController.swift */,
				84AFC3C72726868800B9244E /* Template */,
				84AFC3E82726E82900B9244E /* TestData.swift */,
			);
			path = Developing;
			sourceTree = "<group>";
		};
		84AFC3AA27266EFB00B9244E /* Utilities */ = {
			isa = PBXGroup;
			children = (
				84AFC3AB27266F2100B9244E /* DeviceSize.swift */,
				84AFC3AD27266F5100B9244E /* ViewConstructor.swift */,
			);
			path = Utilities;
			sourceTree = "<group>";
		};
		84AFC3B22726729B00B9244E /* UI */ = {
			isa = PBXGroup;
			children = (
				84AFC3B3272672BD00B9244E /* Atoms */,
				84AFC3B4272672D000B9244E /* Molecules */,
				84AFC3B5272672EE00B9244E /* Organisms */,
				84AFC3B62726730D00B9244E /* Pages */,
			);
			path = UI;
			sourceTree = "<group>";
		};
		84AFC3B3272672BD00B9244E /* Atoms */ = {
			isa = PBXGroup;
			children = (
				84AFC3BA272676AE00B9244E /* Color.swift */,
			);
			path = Atoms;
			sourceTree = "<group>";
		};
		84AFC3B4272672D000B9244E /* Molecules */ = {
			isa = PBXGroup;
			children = (
				84AFC3F62727232000B9244E /* RoundBorderButton.swift */,
				84AFC40227273E8100B9244E /* RoundBorderDotsButton.swift */,
				84AFC4042727419700B9244E /* PlusButton.swift */,
				84AFC4102727A84400B9244E /* GroupMemberButton.swift */,
				84AFC4122727BC0600B9244E /* GroupActionButton.swift */,
				84AFC4242728030800B9244E /* AddRestaurantButton.swift */,
				84B88DE1272810B9004EB87D /* OpenMapButton.swift */,
				8477770E272847E90054E15D /* CountableGroupMemberButton.swift */,
				8477771027285C670054E15D /* AddMemberButton.swift */,
			);
			path = Molecules;
			sourceTree = "<group>";
		};
		84AFC3B5272672EE00B9244E /* Organisms */ = {
			isa = PBXGroup;
			children = (
				84AFC40D2727A69F00B9244E /* Group */,
				84AFC3DB2726CF0900B9244E /* Home */,
				84777726272905BF0054E15D /* InviteMember */,
				84777717272862060054E15D /* OrganizeRestaurant */,
				84AFC3EF2727170600B9244E /* Profile */,
				84AFC4212727FF5A00B9244E /* Restaurant */,
				8477773527292C2C0054E15D /* SearchRestaurant */,
			);
			path = Organisms;
			sourceTree = "<group>";
		};
		84AFC3B62726730D00B9244E /* Pages */ = {
			isa = PBXGroup;
			children = (
				8477773B2729468E0054E15D /* AddToGroup */,
				84B88DEF27283776004EB87D /* CreateGroup */,
				8477771C2728FBF80054E15D /* EditGroup */,
				84AFC4082727A53400B9244E /* Group */,
				84AFC3D62726CE5000B9244E /* Home */,
				84777721272905200054E15D /* InviteMember */,
				84777712272861600054E15D /* OrganizeRestaurant */,
				84AFC3EA2727135E00B9244E /* Profile */,
				84AFC41C2727FEBC00B9244E /* Restaurant */,
				8477772B27291CC80054E15D /* SearchRestaurant */,
				84AFC3CC27269A0100B9244E /* TabBar */,
			);
			path = Pages;
			sourceTree = "<group>";
		};
		84AFC3B72726745F00B9244E /* Extensions */ = {
			isa = PBXGroup;
			children = (
				84AFC3B8272674A800B9244E /* UIColor+Extension.swift */,
				84AFC3C5272682F900B9244E /* UILabel+Extension.swift */,
			);
			path = Extensions;
			sourceTree = "<group>";
		};
		84AFC3BD2726814F00B9244E /* Resources */ = {
			isa = PBXGroup;
			children = (
				84AFC3D02726A1BB00B9244E /* Rswift */,
				84AFC3BE2726816700B9244E /* Fonts */,
			);
			path = Resources;
			sourceTree = "<group>";
		};
		84AFC3BE2726816700B9244E /* Fonts */ = {
			isa = PBXGroup;
			children = (
				84AFC3C0272681A800B9244E /* NotoSansJP-Bold.otf */,
				84AFC3C1272681A800B9244E /* NotoSansJP-Medium.otf */,
				84AFC3BF272681A800B9244E /* NotoSansJP-Regular.otf */,
			);
			path = Fonts;
			sourceTree = "<group>";
		};
		84AFC3C72726868800B9244E /* Template */ = {
			isa = PBXGroup;
			children = (
				84AFC3C8272686BD00B9244E /* TemplateViewController.swift */,
				84AFC3CA272686DC00B9244E /* TemplateReactor.swift */,
			);
			path = Template;
			sourceTree = "<group>";
		};
		84AFC3CC27269A0100B9244E /* TabBar */ = {
			isa = PBXGroup;
			children = (
				84AFC3CD27269A2E00B9244E /* TabBarController.swift */,
			);
			path = TabBar;
			sourceTree = "<group>";
		};
		84AFC3D02726A1BB00B9244E /* Rswift */ = {
			isa = PBXGroup;
			children = (
				84AFC3D32726A4EF00B9244E /* R.generated.swift */,
			);
			path = Rswift;
			sourceTree = "<group>";
		};
		84AFC3D62726CE5000B9244E /* Home */ = {
			isa = PBXGroup;
			children = (
				84AFC3D72726CE7800B9244E /* HomeViewController.swift */,
				84AFC3D92726CE8300B9244E /* HomeReactor.swift */,
			);
			path = Home;
			sourceTree = "<group>";
		};
		84AFC3DB2726CF0900B9244E /* Home */ = {
			isa = PBXGroup;
			children = (
				84AFC3DC2726CF4100B9244E /* HomeHeaderView.swift */,
				84AFC3DE2726D79700B9244E /* HomeGroupCell.swift */,
				84AFC3E02726D7A300B9244E /* HomeGroupCellReactor.swift */,
			);
			path = Home;
			sourceTree = "<group>";
		};
		84AFC3E42726E5C500B9244E /* BusinessLogic */ = {
			isa = PBXGroup;
			children = (
				84AFC3E52726E5DB00B9244E /* Entities */,
			);
			path = BusinessLogic;
			sourceTree = "<group>";
		};
		84AFC3E52726E5DB00B9244E /* Entities */ = {
			isa = PBXGroup;
			children = (
				84AFC3E62726E64400B9244E /* HomeGroup.swift */,
				84AFC4062727474100B9244E /* ProfileGroup.swift */,
				84B88DE727281804004EB87D /* RestaurantOtherGroup.swift */,
				84AFC3F227271AA200B9244E /* User.swift */,
				84AFC4182727E39400B9244E /* GroupRestaurant.swift */,
				84AFC41A2727E84F00B9244E /* Group.swift */,
				84B88DE927281B67004EB87D /* Restaurant.swift */,
				84B88DEB27281C05004EB87D /* Location.swift */,
			);
			path = Entities;
			sourceTree = "<group>";
		};
		84AFC3EA2727135E00B9244E /* Profile */ = {
			isa = PBXGroup;
			children = (
				84AFC3EB272714D700B9244E /* ProfileViewController.swift */,
				84AFC3ED2727150E00B9244E /* ProfileReactor.swift */,
				84AFC3F8272733B500B9244E /* ProfileGroupList */,
			);
			path = Profile;
			sourceTree = "<group>";
		};
		84AFC3EF2727170600B9244E /* Profile */ = {
			isa = PBXGroup;
			children = (
				84AFC3F02727173100B9244E /* ProfileHeaderView.swift */,
				84AFC3FD272734C000B9244E /* ProfileGroupList */,
			);
			path = Profile;
			sourceTree = "<group>";
		};
		84AFC3F8272733B500B9244E /* ProfileGroupList */ = {
			isa = PBXGroup;
			children = (
				84AFC3F9272733F800B9244E /* ProfileGroupListViewController.swift */,
				84AFC3FB2727340000B9244E /* ProfileGroupListReactor.swift */,
			);
			path = ProfileGroupList;
			sourceTree = "<group>";
		};
		84AFC3FD272734C000B9244E /* ProfileGroupList */ = {
			isa = PBXGroup;
			children = (
				84AFC3FE272734F400B9244E /* ProfileGroupListCell.swift */,
				84AFC400272734FD00B9244E /* ProfileGroupListCellReactor.swift */,
			);
			path = ProfileGroupList;
			sourceTree = "<group>";
		};
		84AFC4082727A53400B9244E /* Group */ = {
			isa = PBXGroup;
			children = (
				84AFC4092727A62A00B9244E /* GroupViewController.swift */,
				84AFC40B2727A63500B9244E /* GroupReactor.swift */,
			);
			path = Group;
			sourceTree = "<group>";
		};
		84AFC40D2727A69F00B9244E /* Group */ = {
			isa = PBXGroup;
			children = (
				84AFC40E2727A6C600B9244E /* GroupHeaderView.swift */,
				84AFC4142727D59400B9244E /* GroupRestaurantCell.swift */,
				84AFC4162727D59D00B9244E /* GroupRestaurantCellReactor.swift */,
			);
			path = Group;
			sourceTree = "<group>";
		};
		84AFC41C2727FEBC00B9244E /* Restaurant */ = {
			isa = PBXGroup;
			children = (
				84AFC41D2727FEEC00B9244E /* RestaurantViewController.swift */,
				84AFC41F2727FEF500B9244E /* RestaurantReactor.swift */,
			);
			path = Restaurant;
			sourceTree = "<group>";
		};
		84AFC4212727FF5A00B9244E /* Restaurant */ = {
			isa = PBXGroup;
			children = (
				84AFC4222727FFD200B9244E /* RestaurantHeaderView.swift */,
				84AFC4262728050B00B9244E /* RestaurantInformationView.swift */,
				84B88DE3272816E1004EB87D /* RestaurantOtherGroupCell.swift */,
				84B88DE5272816EA004EB87D /* RestaurantOtherGroupCellReactor.swift */,
			);
			path = Restaurant;
			sourceTree = "<group>";
		};
		84B88DEF27283776004EB87D /* CreateGroup */ = {
			isa = PBXGroup;
			children = (
				84B88DF027283799004EB87D /* CreateGroupViewController.swift */,
				84B88DF2272837A4004EB87D /* CreateGroupReactor.swift */,
			);
			path = CreateGroup;
			sourceTree = "<group>";
		};
/* End PBXGroup section */

/* Begin PBXNativeTarget section */
		84AFC3712725D40600B9244E /* goyotashi */ = {
			isa = PBXNativeTarget;
			buildConfigurationList = 84AFC39C2725D40800B9244E /* Build configuration list for PBXNativeTarget "goyotashi" */;
			buildPhases = (
				D38244F0AD7B2B3F53CE81B3 /* [CP] Check Pods Manifest.lock */,
				84AFC3CF2726A0F000B9244E /* ShellScript */,
				84AFC36E2725D40600B9244E /* Sources */,
				84AFC36F2725D40600B9244E /* Frameworks */,
				84AFC3702725D40600B9244E /* Resources */,
				E372254BCE863D0435DFEBCD /* [CP] Embed Pods Frameworks */,
				84AFC3BC27267AD800B9244E /* ShellScript */,
			);
			buildRules = (
			);
			dependencies = (
			);
			name = goyotashi;
			productName = goyotashi;
			productReference = 84AFC3722725D40600B9244E /* goyotashi.app */;
			productType = "com.apple.product-type.application";
		};
		84AFC3872725D40800B9244E /* goyotashiTests */ = {
			isa = PBXNativeTarget;
			buildConfigurationList = 84AFC39F2725D40800B9244E /* Build configuration list for PBXNativeTarget "goyotashiTests" */;
			buildPhases = (
				968EBFCC6729C56D2AD36E35 /* [CP] Check Pods Manifest.lock */,
				84AFC3842725D40800B9244E /* Sources */,
				84AFC3852725D40800B9244E /* Frameworks */,
				84AFC3862725D40800B9244E /* Resources */,
			);
			buildRules = (
			);
			dependencies = (
				84AFC38A2725D40800B9244E /* PBXTargetDependency */,
			);
			name = goyotashiTests;
			productName = goyotashiTests;
			productReference = 84AFC3882725D40800B9244E /* goyotashiTests.xctest */;
			productType = "com.apple.product-type.bundle.unit-test";
		};
		84AFC3922725D40800B9244E /* goyotashiUITests */ = {
			isa = PBXNativeTarget;
			buildConfigurationList = 84AFC3A22725D40800B9244E /* Build configuration list for PBXNativeTarget "goyotashiUITests" */;
			buildPhases = (
				B82BF4B62167D6E3F76FE4D0 /* [CP] Check Pods Manifest.lock */,
				84AFC38F2725D40800B9244E /* Sources */,
				84AFC3902725D40800B9244E /* Frameworks */,
				84AFC3912725D40800B9244E /* Resources */,
				CF86C222A46D4F2D4B052258 /* [CP] Embed Pods Frameworks */,
			);
			buildRules = (
			);
			dependencies = (
				84AFC3952725D40800B9244E /* PBXTargetDependency */,
			);
			name = goyotashiUITests;
			productName = goyotashiUITests;
			productReference = 84AFC3932725D40800B9244E /* goyotashiUITests.xctest */;
			productType = "com.apple.product-type.bundle.ui-testing";
		};
/* End PBXNativeTarget section */

/* Begin PBXProject section */
		84AFC36A2725D40600B9244E /* Project object */ = {
			isa = PBXProject;
			attributes = {
				LastSwiftUpdateCheck = 1250;
				LastUpgradeCheck = 1250;
				TargetAttributes = {
					84AFC3712725D40600B9244E = {
						CreatedOnToolsVersion = 12.5.1;
					};
					84AFC3872725D40800B9244E = {
						CreatedOnToolsVersion = 12.5.1;
						TestTargetID = 84AFC3712725D40600B9244E;
					};
					84AFC3922725D40800B9244E = {
						CreatedOnToolsVersion = 12.5.1;
						TestTargetID = 84AFC3712725D40600B9244E;
					};
				};
			};
			buildConfigurationList = 84AFC36D2725D40600B9244E /* Build configuration list for PBXProject "goyotashi" */;
			compatibilityVersion = "Xcode 9.3";
			developmentRegion = en;
			hasScannedForEncodings = 0;
			knownRegions = (
				en,
				Base,
			);
			mainGroup = 84AFC3692725D40600B9244E;
			productRefGroup = 84AFC3732725D40600B9244E /* Products */;
			projectDirPath = "";
			projectRoot = "";
			targets = (
				84AFC3712725D40600B9244E /* goyotashi */,
				84AFC3872725D40800B9244E /* goyotashiTests */,
				84AFC3922725D40800B9244E /* goyotashiUITests */,
			);
		};
/* End PBXProject section */

/* Begin PBXResourcesBuildPhase section */
		84AFC3702725D40600B9244E /* Resources */ = {
			isa = PBXResourcesBuildPhase;
			buildActionMask = 2147483647;
			files = (
				84AFC3822725D40800B9244E /* LaunchScreen.storyboard in Resources */,
				84AFC37F2725D40800B9244E /* Assets.xcassets in Resources */,
				84AFC3C3272681A800B9244E /* NotoSansJP-Bold.otf in Resources */,
				84AFC3C4272681A800B9244E /* NotoSansJP-Medium.otf in Resources */,
				84AFC37D2725D40600B9244E /* Main.storyboard in Resources */,
				84AFC3C2272681A800B9244E /* NotoSansJP-Regular.otf in Resources */,
			);
			runOnlyForDeploymentPostprocessing = 0;
		};
		84AFC3862725D40800B9244E /* Resources */ = {
			isa = PBXResourcesBuildPhase;
			buildActionMask = 2147483647;
			files = (
			);
			runOnlyForDeploymentPostprocessing = 0;
		};
		84AFC3912725D40800B9244E /* Resources */ = {
			isa = PBXResourcesBuildPhase;
			buildActionMask = 2147483647;
			files = (
			);
			runOnlyForDeploymentPostprocessing = 0;
		};
/* End PBXResourcesBuildPhase section */

/* Begin PBXShellScriptBuildPhase section */
		84AFC3BC27267AD800B9244E /* ShellScript */ = {
			isa = PBXShellScriptBuildPhase;
			buildActionMask = 2147483647;
			files = (
			);
			inputFileListPaths = (
			);
			inputPaths = (
			);
			outputFileListPaths = (
			);
			outputPaths = (
			);
			runOnlyForDeploymentPostprocessing = 0;
			shellPath = /bin/sh;
			shellScript = "if which \"${PODS_ROOT}/SwiftLint/swiftlint\" >/dev/null; then\n    ${PODS_ROOT}/SwiftLint/swiftlint autocorrect --format\n    ${PODS_ROOT}/SwiftLint/swiftlint\nelse\n    echo \"warning: SwiftLint not installed, download from https://github.com/realm/SwiftLint\"\nfi\n";
		};
		84AFC3CF2726A0F000B9244E /* ShellScript */ = {
			isa = PBXShellScriptBuildPhase;
			buildActionMask = 2147483647;
			files = (
			);
			inputFileListPaths = (
			);
			inputPaths = (
				"$TEMP_DIR/rswift-lastrun",
			);
			outputFileListPaths = (
			);
			outputPaths = (
				$SRCROOT/goyotashi/Resources/Rswift/R.generated.swift,
			);
			runOnlyForDeploymentPostprocessing = 0;
			shellPath = /bin/sh;
			shellScript = "\"$PODS_ROOT/R.swift/rswift\" generate \"$SRCROOT/goyotashi/Resources/Rswift/R.generated.swift\"\n";
		};
		968EBFCC6729C56D2AD36E35 /* [CP] Check Pods Manifest.lock */ = {
			isa = PBXShellScriptBuildPhase;
			buildActionMask = 2147483647;
			files = (
			);
			inputFileListPaths = (
			);
			inputPaths = (
				"${PODS_PODFILE_DIR_PATH}/Podfile.lock",
				"${PODS_ROOT}/Manifest.lock",
			);
			name = "[CP] Check Pods Manifest.lock";
			outputFileListPaths = (
			);
			outputPaths = (
				"$(DERIVED_FILE_DIR)/Pods-goyotashiTests-checkManifestLockResult.txt",
			);
			runOnlyForDeploymentPostprocessing = 0;
			shellPath = /bin/sh;
			shellScript = "diff \"${PODS_PODFILE_DIR_PATH}/Podfile.lock\" \"${PODS_ROOT}/Manifest.lock\" > /dev/null\nif [ $? != 0 ] ; then\n    # print error to STDERR\n    echo \"error: The sandbox is not in sync with the Podfile.lock. Run 'pod install' or update your CocoaPods installation.\" >&2\n    exit 1\nfi\n# This output is used by Xcode 'outputs' to avoid re-running this script phase.\necho \"SUCCESS\" > \"${SCRIPT_OUTPUT_FILE_0}\"\n";
			showEnvVarsInLog = 0;
		};
		B82BF4B62167D6E3F76FE4D0 /* [CP] Check Pods Manifest.lock */ = {
			isa = PBXShellScriptBuildPhase;
			buildActionMask = 2147483647;
			files = (
			);
			inputFileListPaths = (
			);
			inputPaths = (
				"${PODS_PODFILE_DIR_PATH}/Podfile.lock",
				"${PODS_ROOT}/Manifest.lock",
			);
			name = "[CP] Check Pods Manifest.lock";
			outputFileListPaths = (
			);
			outputPaths = (
				"$(DERIVED_FILE_DIR)/Pods-goyotashi-goyotashiUITests-checkManifestLockResult.txt",
			);
			runOnlyForDeploymentPostprocessing = 0;
			shellPath = /bin/sh;
			shellScript = "diff \"${PODS_PODFILE_DIR_PATH}/Podfile.lock\" \"${PODS_ROOT}/Manifest.lock\" > /dev/null\nif [ $? != 0 ] ; then\n    # print error to STDERR\n    echo \"error: The sandbox is not in sync with the Podfile.lock. Run 'pod install' or update your CocoaPods installation.\" >&2\n    exit 1\nfi\n# This output is used by Xcode 'outputs' to avoid re-running this script phase.\necho \"SUCCESS\" > \"${SCRIPT_OUTPUT_FILE_0}\"\n";
			showEnvVarsInLog = 0;
		};
		CF86C222A46D4F2D4B052258 /* [CP] Embed Pods Frameworks */ = {
			isa = PBXShellScriptBuildPhase;
			buildActionMask = 2147483647;
			files = (
			);
			inputFileListPaths = (
				"${PODS_ROOT}/Target Support Files/Pods-goyotashi-goyotashiUITests/Pods-goyotashi-goyotashiUITests-frameworks-${CONFIGURATION}-input-files.xcfilelist",
			);
			name = "[CP] Embed Pods Frameworks";
			outputFileListPaths = (
				"${PODS_ROOT}/Target Support Files/Pods-goyotashi-goyotashiUITests/Pods-goyotashi-goyotashiUITests-frameworks-${CONFIGURATION}-output-files.xcfilelist",
			);
			runOnlyForDeploymentPostprocessing = 0;
			shellPath = /bin/sh;
			shellScript = "\"${PODS_ROOT}/Target Support Files/Pods-goyotashi-goyotashiUITests/Pods-goyotashi-goyotashiUITests-frameworks.sh\"\n";
			showEnvVarsInLog = 0;
		};
		D38244F0AD7B2B3F53CE81B3 /* [CP] Check Pods Manifest.lock */ = {
			isa = PBXShellScriptBuildPhase;
			buildActionMask = 2147483647;
			files = (
			);
			inputFileListPaths = (
			);
			inputPaths = (
				"${PODS_PODFILE_DIR_PATH}/Podfile.lock",
				"${PODS_ROOT}/Manifest.lock",
			);
			name = "[CP] Check Pods Manifest.lock";
			outputFileListPaths = (
			);
			outputPaths = (
				"$(DERIVED_FILE_DIR)/Pods-goyotashi-checkManifestLockResult.txt",
			);
			runOnlyForDeploymentPostprocessing = 0;
			shellPath = /bin/sh;
			shellScript = "diff \"${PODS_PODFILE_DIR_PATH}/Podfile.lock\" \"${PODS_ROOT}/Manifest.lock\" > /dev/null\nif [ $? != 0 ] ; then\n    # print error to STDERR\n    echo \"error: The sandbox is not in sync with the Podfile.lock. Run 'pod install' or update your CocoaPods installation.\" >&2\n    exit 1\nfi\n# This output is used by Xcode 'outputs' to avoid re-running this script phase.\necho \"SUCCESS\" > \"${SCRIPT_OUTPUT_FILE_0}\"\n";
			showEnvVarsInLog = 0;
		};
		E372254BCE863D0435DFEBCD /* [CP] Embed Pods Frameworks */ = {
			isa = PBXShellScriptBuildPhase;
			buildActionMask = 2147483647;
			files = (
			);
			inputFileListPaths = (
				"${PODS_ROOT}/Target Support Files/Pods-goyotashi/Pods-goyotashi-frameworks-${CONFIGURATION}-input-files.xcfilelist",
			);
			name = "[CP] Embed Pods Frameworks";
			outputFileListPaths = (
				"${PODS_ROOT}/Target Support Files/Pods-goyotashi/Pods-goyotashi-frameworks-${CONFIGURATION}-output-files.xcfilelist",
			);
			runOnlyForDeploymentPostprocessing = 0;
			shellPath = /bin/sh;
			shellScript = "\"${PODS_ROOT}/Target Support Files/Pods-goyotashi/Pods-goyotashi-frameworks.sh\"\n";
			showEnvVarsInLog = 0;
		};
/* End PBXShellScriptBuildPhase section */

/* Begin PBXSourcesBuildPhase section */
		84AFC36E2725D40600B9244E /* Sources */ = {
			isa = PBXSourcesBuildPhase;
			buildActionMask = 2147483647;
			files = (
				84AFC4152727D59400B9244E /* GroupRestaurantCell.swift in Sources */,
				8477773A27292D1C0054E15D /* SearchRestaurantCellReactor.swift in Sources */,
				84AFC3B9272674A800B9244E /* UIColor+Extension.swift in Sources */,
				8477771B272862450054E15D /* OrganizeRestaurantCellReactor.swift in Sources */,
				8477770F272847E90054E15D /* CountableGroupMemberButton.swift in Sources */,
				84AFC401272734FD00B9244E /* ProfileGroupListCellReactor.swift in Sources */,
				84AFC37A2725D40600B9244E /* ViewController.swift in Sources */,
				84AFC4112727A84400B9244E /* GroupMemberButton.swift in Sources */,
				84AFC40A2727A62A00B9244E /* GroupViewController.swift in Sources */,
				84B88DEC27281C05004EB87D /* Location.swift in Sources */,
				84AFC41B2727E84F00B9244E /* Group.swift in Sources */,
				84AFC3F72727232000B9244E /* RoundBorderButton.swift in Sources */,
				847777252729055A0054E15D /* InviteMemberReactor.swift in Sources */,
				84AFC4202727FEF500B9244E /* RestaurantReactor.swift in Sources */,
				84777732272928640054E15D /* SearchRestaurantResultViewController.swift in Sources */,
				84AFC3A927266C9900B9244E /* DevelopingViewController.swift in Sources */,
				84AFC3E92726E82900B9244E /* TestData.swift in Sources */,
				84AFC3DF2726D79700B9244E /* HomeGroupCell.swift in Sources */,
				84AFC3762725D40600B9244E /* AppDelegate.swift in Sources */,
				84AFC3E12726D7A300B9244E /* HomeGroupCellReactor.swift in Sources */,
				84777716272861930054E15D /* OrganizeRestaurantReactor.swift in Sources */,
				8477772F27291CF30054E15D /* SearchRestaurantReactor.swift in Sources */,
				847777202728FC2B0054E15D /* EditGroupReactor.swift in Sources */,
				84B88DEA27281B67004EB87D /* Restaurant.swift in Sources */,
				84AFC4052727419700B9244E /* PlusButton.swift in Sources */,
				8477771E2728FC210054E15D /* EditGroupViewController.swift in Sources */,
				84AFC3CB272686DC00B9244E /* TemplateReactor.swift in Sources */,
				847777192728623A0054E15D /* OrganizeRestaurantCell.swift in Sources */,
				84AFC4192727E39400B9244E /* GroupRestaurant.swift in Sources */,
				84B88DE4272816E1004EB87D /* RestaurantOtherGroupCell.swift in Sources */,
				847777142728618B0054E15D /* OrganizeRestaurantViewController.swift in Sources */,
				84AFC4072727474100B9244E /* ProfileGroup.swift in Sources */,
				84AFC40327273E8100B9244E /* RoundBorderDotsButton.swift in Sources */,
				84AFC3D82726CE7800B9244E /* HomeViewController.swift in Sources */,
				84AFC4272728050B00B9244E /* RestaurantInformationView.swift in Sources */,
				847777342729286C0054E15D /* SearchRestaurantResultReactor.swift in Sources */,
				84B88DF127283799004EB87D /* CreateGroupViewController.swift in Sources */,
				84AFC3AE27266F5100B9244E /* ViewConstructor.swift in Sources */,
				84AFC40F2727A6C600B9244E /* GroupHeaderView.swift in Sources */,
				84AFC3D42726A4EF00B9244E /* R.generated.swift in Sources */,
				84AFC3F12727173100B9244E /* ProfileHeaderView.swift in Sources */,
				84AFC3E72726E64400B9244E /* HomeGroup.swift in Sources */,
				84B88DF3272837A4004EB87D /* CreateGroupReactor.swift in Sources */,
				84AFC3DA2726CE8300B9244E /* HomeReactor.swift in Sources */,
				84AFC3BB272676AE00B9244E /* Color.swift in Sources */,
				84AFC3FA272733F800B9244E /* ProfileGroupListViewController.swift in Sources */,
				84AFC3C9272686BD00B9244E /* TemplateViewController.swift in Sources */,
				8477772A272906E90054E15D /* InviteMemberCellReactor.swift in Sources */,
				84777728272906DF0054E15D /* InviteMemberCell.swift in Sources */,
				84AFC3AC27266F2100B9244E /* DeviceSize.swift in Sources */,
				84777723272905510054E15D /* InviteMemberViewController.swift in Sources */,
				84AFC3FF272734F400B9244E /* ProfileGroupListCell.swift in Sources */,
				84AFC3EE2727150E00B9244E /* ProfileReactor.swift in Sources */,
				84AFC3DD2726CF4100B9244E /* HomeHeaderView.swift in Sources */,
				84B88DE6272816EA004EB87D /* RestaurantOtherGroupCellReactor.swift in Sources */,
				84AFC3CE27269A2E00B9244E /* TabBarController.swift in Sources */,
				8477773827292D130054E15D /* SearchRestaurantCell.swift in Sources */,
				84B88DE827281804004EB87D /* RestaurantOtherGroup.swift in Sources */,
				84AFC3F327271AA200B9244E /* User.swift in Sources */,
				84AFC3EC272714D700B9244E /* ProfileViewController.swift in Sources */,
				8477771127285C670054E15D /* AddMemberButton.swift in Sources */,
				84AFC3FC2727340000B9244E /* ProfileGroupListReactor.swift in Sources */,
				84AFC3782725D40600B9244E /* SceneDelegate.swift in Sources */,
				84AFC4232727FFD200B9244E /* RestaurantHeaderView.swift in Sources */,
				84AFC41E2727FEED00B9244E /* RestaurantViewController.swift in Sources */,
				84AFC40C2727A63500B9244E /* GroupReactor.swift in Sources */,
				84AFC3C6272682F900B9244E /* UILabel+Extension.swift in Sources */,
				8477772D27291CED0054E15D /* SearchRestaurantViewController.swift in Sources */,
				84AFC4172727D59D00B9244E /* GroupRestaurantCellReactor.swift in Sources */,
				84B88DE2272810B9004EB87D /* OpenMapButton.swift in Sources */,
				84AFC4132727BC0600B9244E /* GroupActionButton.swift in Sources */,
				84AFC4252728030800B9244E /* AddRestaurantButton.swift in Sources */,
			);
			runOnlyForDeploymentPostprocessing = 0;
		};
		84AFC3842725D40800B9244E /* Sources */ = {
			isa = PBXSourcesBuildPhase;
			buildActionMask = 2147483647;
			files = (
				84AFC38D2725D40800B9244E /* goyotashiTests.swift in Sources */,
			);
			runOnlyForDeploymentPostprocessing = 0;
		};
		84AFC38F2725D40800B9244E /* Sources */ = {
			isa = PBXSourcesBuildPhase;
			buildActionMask = 2147483647;
			files = (
				84AFC3982725D40800B9244E /* goyotashiUITests.swift in Sources */,
			);
			runOnlyForDeploymentPostprocessing = 0;
		};
/* End PBXSourcesBuildPhase section */

/* Begin PBXTargetDependency section */
		84AFC38A2725D40800B9244E /* PBXTargetDependency */ = {
			isa = PBXTargetDependency;
			target = 84AFC3712725D40600B9244E /* goyotashi */;
			targetProxy = 84AFC3892725D40800B9244E /* PBXContainerItemProxy */;
		};
		84AFC3952725D40800B9244E /* PBXTargetDependency */ = {
			isa = PBXTargetDependency;
			target = 84AFC3712725D40600B9244E /* goyotashi */;
			targetProxy = 84AFC3942725D40800B9244E /* PBXContainerItemProxy */;
		};
/* End PBXTargetDependency section */

/* Begin PBXVariantGroup section */
		84AFC37B2725D40600B9244E /* Main.storyboard */ = {
			isa = PBXVariantGroup;
			children = (
				84AFC37C2725D40600B9244E /* Base */,
			);
			name = Main.storyboard;
			sourceTree = "<group>";
		};
		84AFC3802725D40800B9244E /* LaunchScreen.storyboard */ = {
			isa = PBXVariantGroup;
			children = (
				84AFC3812725D40800B9244E /* Base */,
			);
			name = LaunchScreen.storyboard;
			sourceTree = "<group>";
		};
/* End PBXVariantGroup section */

/* Begin XCBuildConfiguration section */
		84AFC39A2725D40800B9244E /* Debug */ = {
			isa = XCBuildConfiguration;
			buildSettings = {
				ALWAYS_SEARCH_USER_PATHS = NO;
				CLANG_ANALYZER_NONNULL = YES;
				CLANG_ANALYZER_NUMBER_OBJECT_CONVERSION = YES_AGGRESSIVE;
				CLANG_CXX_LANGUAGE_STANDARD = "gnu++14";
				CLANG_CXX_LIBRARY = "libc++";
				CLANG_ENABLE_MODULES = YES;
				CLANG_ENABLE_OBJC_ARC = YES;
				CLANG_ENABLE_OBJC_WEAK = YES;
				CLANG_WARN_BLOCK_CAPTURE_AUTORELEASING = YES;
				CLANG_WARN_BOOL_CONVERSION = YES;
				CLANG_WARN_COMMA = YES;
				CLANG_WARN_CONSTANT_CONVERSION = YES;
				CLANG_WARN_DEPRECATED_OBJC_IMPLEMENTATIONS = YES;
				CLANG_WARN_DIRECT_OBJC_ISA_USAGE = YES_ERROR;
				CLANG_WARN_DOCUMENTATION_COMMENTS = YES;
				CLANG_WARN_EMPTY_BODY = YES;
				CLANG_WARN_ENUM_CONVERSION = YES;
				CLANG_WARN_INFINITE_RECURSION = YES;
				CLANG_WARN_INT_CONVERSION = YES;
				CLANG_WARN_NON_LITERAL_NULL_CONVERSION = YES;
				CLANG_WARN_OBJC_IMPLICIT_RETAIN_SELF = YES;
				CLANG_WARN_OBJC_LITERAL_CONVERSION = YES;
				CLANG_WARN_OBJC_ROOT_CLASS = YES_ERROR;
				CLANG_WARN_QUOTED_INCLUDE_IN_FRAMEWORK_HEADER = YES;
				CLANG_WARN_RANGE_LOOP_ANALYSIS = YES;
				CLANG_WARN_STRICT_PROTOTYPES = YES;
				CLANG_WARN_SUSPICIOUS_MOVE = YES;
				CLANG_WARN_UNGUARDED_AVAILABILITY = YES_AGGRESSIVE;
				CLANG_WARN_UNREACHABLE_CODE = YES;
				CLANG_WARN__DUPLICATE_METHOD_MATCH = YES;
				COPY_PHASE_STRIP = NO;
				DEBUG_INFORMATION_FORMAT = dwarf;
				ENABLE_STRICT_OBJC_MSGSEND = YES;
				ENABLE_TESTABILITY = YES;
				GCC_C_LANGUAGE_STANDARD = gnu11;
				GCC_DYNAMIC_NO_PIC = NO;
				GCC_NO_COMMON_BLOCKS = YES;
				GCC_OPTIMIZATION_LEVEL = 0;
				GCC_PREPROCESSOR_DEFINITIONS = (
					"DEBUG=1",
					"$(inherited)",
				);
				GCC_WARN_64_TO_32_BIT_CONVERSION = YES;
				GCC_WARN_ABOUT_RETURN_TYPE = YES_ERROR;
				GCC_WARN_UNDECLARED_SELECTOR = YES;
				GCC_WARN_UNINITIALIZED_AUTOS = YES_AGGRESSIVE;
				GCC_WARN_UNUSED_FUNCTION = YES;
				GCC_WARN_UNUSED_VARIABLE = YES;
				IPHONEOS_DEPLOYMENT_TARGET = 14.1;
				MTL_ENABLE_DEBUG_INFO = INCLUDE_SOURCE;
				MTL_FAST_MATH = YES;
				ONLY_ACTIVE_ARCH = YES;
				SDKROOT = iphoneos;
				SWIFT_ACTIVE_COMPILATION_CONDITIONS = DEBUG;
				SWIFT_OPTIMIZATION_LEVEL = "-Onone";
			};
			name = Debug;
		};
		84AFC39B2725D40800B9244E /* Release */ = {
			isa = XCBuildConfiguration;
			buildSettings = {
				ALWAYS_SEARCH_USER_PATHS = NO;
				CLANG_ANALYZER_NONNULL = YES;
				CLANG_ANALYZER_NUMBER_OBJECT_CONVERSION = YES_AGGRESSIVE;
				CLANG_CXX_LANGUAGE_STANDARD = "gnu++14";
				CLANG_CXX_LIBRARY = "libc++";
				CLANG_ENABLE_MODULES = YES;
				CLANG_ENABLE_OBJC_ARC = YES;
				CLANG_ENABLE_OBJC_WEAK = YES;
				CLANG_WARN_BLOCK_CAPTURE_AUTORELEASING = YES;
				CLANG_WARN_BOOL_CONVERSION = YES;
				CLANG_WARN_COMMA = YES;
				CLANG_WARN_CONSTANT_CONVERSION = YES;
				CLANG_WARN_DEPRECATED_OBJC_IMPLEMENTATIONS = YES;
				CLANG_WARN_DIRECT_OBJC_ISA_USAGE = YES_ERROR;
				CLANG_WARN_DOCUMENTATION_COMMENTS = YES;
				CLANG_WARN_EMPTY_BODY = YES;
				CLANG_WARN_ENUM_CONVERSION = YES;
				CLANG_WARN_INFINITE_RECURSION = YES;
				CLANG_WARN_INT_CONVERSION = YES;
				CLANG_WARN_NON_LITERAL_NULL_CONVERSION = YES;
				CLANG_WARN_OBJC_IMPLICIT_RETAIN_SELF = YES;
				CLANG_WARN_OBJC_LITERAL_CONVERSION = YES;
				CLANG_WARN_OBJC_ROOT_CLASS = YES_ERROR;
				CLANG_WARN_QUOTED_INCLUDE_IN_FRAMEWORK_HEADER = YES;
				CLANG_WARN_RANGE_LOOP_ANALYSIS = YES;
				CLANG_WARN_STRICT_PROTOTYPES = YES;
				CLANG_WARN_SUSPICIOUS_MOVE = YES;
				CLANG_WARN_UNGUARDED_AVAILABILITY = YES_AGGRESSIVE;
				CLANG_WARN_UNREACHABLE_CODE = YES;
				CLANG_WARN__DUPLICATE_METHOD_MATCH = YES;
				COPY_PHASE_STRIP = NO;
				DEBUG_INFORMATION_FORMAT = "dwarf-with-dsym";
				ENABLE_NS_ASSERTIONS = NO;
				ENABLE_STRICT_OBJC_MSGSEND = YES;
				GCC_C_LANGUAGE_STANDARD = gnu11;
				GCC_NO_COMMON_BLOCKS = YES;
				GCC_WARN_64_TO_32_BIT_CONVERSION = YES;
				GCC_WARN_ABOUT_RETURN_TYPE = YES_ERROR;
				GCC_WARN_UNDECLARED_SELECTOR = YES;
				GCC_WARN_UNINITIALIZED_AUTOS = YES_AGGRESSIVE;
				GCC_WARN_UNUSED_FUNCTION = YES;
				GCC_WARN_UNUSED_VARIABLE = YES;
				IPHONEOS_DEPLOYMENT_TARGET = 14.1;
				MTL_ENABLE_DEBUG_INFO = NO;
				MTL_FAST_MATH = YES;
				SDKROOT = iphoneos;
				SWIFT_COMPILATION_MODE = wholemodule;
				SWIFT_OPTIMIZATION_LEVEL = "-O";
				VALIDATE_PRODUCT = YES;
			};
			name = Release;
		};
		84AFC39D2725D40800B9244E /* Debug */ = {
			isa = XCBuildConfiguration;
			baseConfigurationReference = 5A2510B4727F1FAB74093E2D /* Pods-goyotashi.debug.xcconfig */;
			buildSettings = {
				ASSETCATALOG_COMPILER_APPICON_NAME = AppIcon;
				ASSETCATALOG_COMPILER_GLOBAL_ACCENT_COLOR_NAME = AccentColor;
				CODE_SIGN_STYLE = Automatic;
				DEVELOPMENT_TEAM = MYUAB72A7J;
				INFOPLIST_FILE = goyotashi/Info.plist;
				LD_RUNPATH_SEARCH_PATHS = (
					"$(inherited)",
					"@executable_path/Frameworks",
				);
				PRODUCT_BUNDLE_IDENTIFIER = com.akihirokokubo.goyotashi;
				PRODUCT_NAME = "$(TARGET_NAME)";
				SWIFT_VERSION = 5.0;
				TARGETED_DEVICE_FAMILY = "1,2";
			};
			name = Debug;
		};
		84AFC39E2725D40800B9244E /* Release */ = {
			isa = XCBuildConfiguration;
			baseConfigurationReference = F8DDF477CEA6C07373B17BDE /* Pods-goyotashi.release.xcconfig */;
			buildSettings = {
				ASSETCATALOG_COMPILER_APPICON_NAME = AppIcon;
				ASSETCATALOG_COMPILER_GLOBAL_ACCENT_COLOR_NAME = AccentColor;
				CODE_SIGN_STYLE = Automatic;
				DEVELOPMENT_TEAM = MYUAB72A7J;
				INFOPLIST_FILE = goyotashi/Info.plist;
				LD_RUNPATH_SEARCH_PATHS = (
					"$(inherited)",
					"@executable_path/Frameworks",
				);
				PRODUCT_BUNDLE_IDENTIFIER = com.akihirokokubo.goyotashi;
				PRODUCT_NAME = "$(TARGET_NAME)";
				SWIFT_VERSION = 5.0;
				TARGETED_DEVICE_FAMILY = "1,2";
			};
			name = Release;
		};
		84AFC3A02725D40800B9244E /* Debug */ = {
			isa = XCBuildConfiguration;
			baseConfigurationReference = E389DE2A3AEF77328A5FA225 /* Pods-goyotashiTests.debug.xcconfig */;
			buildSettings = {
				ALWAYS_EMBED_SWIFT_STANDARD_LIBRARIES = YES;
				BUNDLE_LOADER = "$(TEST_HOST)";
				CODE_SIGN_STYLE = Automatic;
				DEVELOPMENT_TEAM = MYUAB72A7J;
				INFOPLIST_FILE = goyotashiTests/Info.plist;
				IPHONEOS_DEPLOYMENT_TARGET = 14.5;
				LD_RUNPATH_SEARCH_PATHS = (
					"$(inherited)",
					"@executable_path/Frameworks",
					"@loader_path/Frameworks",
				);
				PRODUCT_BUNDLE_IDENTIFIER = com.akihirokokubo.goyotashiTests;
				PRODUCT_NAME = "$(TARGET_NAME)";
				SWIFT_VERSION = 5.0;
				TARGETED_DEVICE_FAMILY = "1,2";
				TEST_HOST = "$(BUILT_PRODUCTS_DIR)/goyotashi.app/goyotashi";
			};
			name = Debug;
		};
		84AFC3A12725D40800B9244E /* Release */ = {
			isa = XCBuildConfiguration;
			baseConfigurationReference = 78D738EBE6608E20911C41B2 /* Pods-goyotashiTests.release.xcconfig */;
			buildSettings = {
				ALWAYS_EMBED_SWIFT_STANDARD_LIBRARIES = YES;
				BUNDLE_LOADER = "$(TEST_HOST)";
				CODE_SIGN_STYLE = Automatic;
				DEVELOPMENT_TEAM = MYUAB72A7J;
				INFOPLIST_FILE = goyotashiTests/Info.plist;
				IPHONEOS_DEPLOYMENT_TARGET = 14.5;
				LD_RUNPATH_SEARCH_PATHS = (
					"$(inherited)",
					"@executable_path/Frameworks",
					"@loader_path/Frameworks",
				);
				PRODUCT_BUNDLE_IDENTIFIER = com.akihirokokubo.goyotashiTests;
				PRODUCT_NAME = "$(TARGET_NAME)";
				SWIFT_VERSION = 5.0;
				TARGETED_DEVICE_FAMILY = "1,2";
				TEST_HOST = "$(BUILT_PRODUCTS_DIR)/goyotashi.app/goyotashi";
			};
			name = Release;
		};
		84AFC3A32725D40800B9244E /* Debug */ = {
			isa = XCBuildConfiguration;
			baseConfigurationReference = B707DF8E2402CEF9A2130B10 /* Pods-goyotashi-goyotashiUITests.debug.xcconfig */;
			buildSettings = {
				ALWAYS_EMBED_SWIFT_STANDARD_LIBRARIES = YES;
				CODE_SIGN_STYLE = Automatic;
				DEVELOPMENT_TEAM = MYUAB72A7J;
				INFOPLIST_FILE = goyotashiUITests/Info.plist;
				LD_RUNPATH_SEARCH_PATHS = (
					"$(inherited)",
					"@executable_path/Frameworks",
					"@loader_path/Frameworks",
				);
				PRODUCT_BUNDLE_IDENTIFIER = com.akihirokokubo.goyotashiUITests;
				PRODUCT_NAME = "$(TARGET_NAME)";
				SWIFT_VERSION = 5.0;
				TARGETED_DEVICE_FAMILY = "1,2";
				TEST_TARGET_NAME = goyotashi;
			};
			name = Debug;
		};
		84AFC3A42725D40800B9244E /* Release */ = {
			isa = XCBuildConfiguration;
			baseConfigurationReference = AA95625A967B92EE36331243 /* Pods-goyotashi-goyotashiUITests.release.xcconfig */;
			buildSettings = {
				ALWAYS_EMBED_SWIFT_STANDARD_LIBRARIES = YES;
				CODE_SIGN_STYLE = Automatic;
				DEVELOPMENT_TEAM = MYUAB72A7J;
				INFOPLIST_FILE = goyotashiUITests/Info.plist;
				LD_RUNPATH_SEARCH_PATHS = (
					"$(inherited)",
					"@executable_path/Frameworks",
					"@loader_path/Frameworks",
				);
				PRODUCT_BUNDLE_IDENTIFIER = com.akihirokokubo.goyotashiUITests;
				PRODUCT_NAME = "$(TARGET_NAME)";
				SWIFT_VERSION = 5.0;
				TARGETED_DEVICE_FAMILY = "1,2";
				TEST_TARGET_NAME = goyotashi;
			};
			name = Release;
		};
/* End XCBuildConfiguration section */

/* Begin XCConfigurationList section */
		84AFC36D2725D40600B9244E /* Build configuration list for PBXProject "goyotashi" */ = {
			isa = XCConfigurationList;
			buildConfigurations = (
				84AFC39A2725D40800B9244E /* Debug */,
				84AFC39B2725D40800B9244E /* Release */,
			);
			defaultConfigurationIsVisible = 0;
			defaultConfigurationName = Release;
		};
		84AFC39C2725D40800B9244E /* Build configuration list for PBXNativeTarget "goyotashi" */ = {
			isa = XCConfigurationList;
			buildConfigurations = (
				84AFC39D2725D40800B9244E /* Debug */,
				84AFC39E2725D40800B9244E /* Release */,
			);
			defaultConfigurationIsVisible = 0;
			defaultConfigurationName = Release;
		};
		84AFC39F2725D40800B9244E /* Build configuration list for PBXNativeTarget "goyotashiTests" */ = {
			isa = XCConfigurationList;
			buildConfigurations = (
				84AFC3A02725D40800B9244E /* Debug */,
				84AFC3A12725D40800B9244E /* Release */,
			);
			defaultConfigurationIsVisible = 0;
			defaultConfigurationName = Release;
		};
		84AFC3A22725D40800B9244E /* Build configuration list for PBXNativeTarget "goyotashiUITests" */ = {
			isa = XCConfigurationList;
			buildConfigurations = (
				84AFC3A32725D40800B9244E /* Debug */,
				84AFC3A42725D40800B9244E /* Release */,
			);
			defaultConfigurationIsVisible = 0;
			defaultConfigurationName = Release;
		};
/* End XCConfigurationList section */
	};
	rootObject = 84AFC36A2725D40600B9244E /* Project object */;
}
